PODS:
  - boost (1.76.0)
  - CocoaAsyncSocket (7.6.5)
  - DoubleConversion (1.1.6)
  - EXApplication (4.1.0):
    - ExpoModulesCore
  - EXConstants (13.1.1):
    - ExpoModulesCore
  - EXFileSystem (14.0.0):
    - ExpoModulesCore
  - EXFont (10.1.0):
    - ExpoModulesCore
  - Expo (45.0.8):
    - ExpoModulesCore
  - ExpoKeepAwake (10.1.1):
    - ExpoModulesCore
  - ExpoModulesCore (0.9.2):
    - React-Core
    - ReactCommon/turbomodule/core
  - EXSplashScreen (0.15.1):
    - ExpoModulesCore
    - React-Core
  - FBLazyVector (0.68.5)
  - FBReactNativeSpec (0.68.5):
    - RCT-Folly (= 2021.06.28.00-v2)
    - RCTRequired (= 0.68.5)
    - RCTTypeSafety (= 0.68.5)
    - React-Core (= 0.68.5)
    - React-jsi (= 0.68.5)
    - ReactCommon/turbomodule/core (= 0.68.5)
  - Firebase/CoreOnly (10.3.0):
    - FirebaseCore (= 10.3.0)
  - Firebase/Messaging (10.3.0):
    - Firebase/CoreOnly
    - FirebaseMessaging (~> 10.3.0)
  - FirebaseCore (10.3.0):
    - FirebaseCoreInternal (~> 10.0)
    - GoogleUtilities/Environment (~> 7.8)
    - GoogleUtilities/Logger (~> 7.8)
  - FirebaseCoreExtension (10.3.0):
    - FirebaseCore (~> 10.0)
  - FirebaseCoreInternal (10.3.0):
    - "GoogleUtilities/NSData+zlib (~> 7.8)"
  - FirebaseInstallations (10.3.0):
    - FirebaseCore (~> 10.0)
    - GoogleUtilities/Environment (~> 7.8)
    - GoogleUtilities/UserDefaults (~> 7.8)
    - PromisesObjC (~> 2.1)
  - FirebaseMessaging (10.3.0):
    - FirebaseCore (~> 10.0)
    - FirebaseInstallations (~> 10.0)
    - GoogleDataTransport (~> 9.2)
    - GoogleUtilities/AppDelegateSwizzler (~> 7.8)
    - GoogleUtilities/Environment (~> 7.8)
    - GoogleUtilities/Reachability (~> 7.8)
    - GoogleUtilities/UserDefaults (~> 7.8)
    - nanopb (< 2.30910.0, >= 2.30908.0)
  - Flipper (0.125.0):
    - Flipper-Folly (~> 2.6)
    - Flipper-RSocket (~> 1.4)
  - Flipper-Boost-iOSX (1.76.0.1.11)
  - Flipper-DoubleConversion (3.2.0)
  - Flipper-Fmt (7.1.7)
  - Flipper-Folly (2.6.10):
    - Flipper-Boost-iOSX
    - Flipper-DoubleConversion
    - Flipper-Fmt (= 7.1.7)
    - Flipper-Glog
    - libevent (~> 2.1.12)
    - OpenSSL-Universal (= 1.1.1100)
  - Flipper-Glog (0.5.0.4)
  - Flipper-PeerTalk (0.0.4)
  - Flipper-RSocket (1.4.3):
    - Flipper-Folly (~> 2.6)
  - FlipperKit (0.125.0):
    - FlipperKit/Core (= 0.125.0)
  - FlipperKit/Core (0.125.0):
    - Flipper (~> 0.125.0)
    - FlipperKit/CppBridge
    - FlipperKit/FBCxxFollyDynamicConvert
    - FlipperKit/FBDefines
    - FlipperKit/FKPortForwarding
    - SocketRocket (~> 0.6.0)
  - FlipperKit/CppBridge (0.125.0):
    - Flipper (~> 0.125.0)
  - FlipperKit/FBCxxFollyDynamicConvert (0.125.0):
    - Flipper-Folly (~> 2.6)
  - FlipperKit/FBDefines (0.125.0)
  - FlipperKit/FKPortForwarding (0.125.0):
    - CocoaAsyncSocket (~> 7.6)
    - Flipper-PeerTalk (~> 0.0.4)
  - FlipperKit/FlipperKitHighlightOverlay (0.125.0)
  - FlipperKit/FlipperKitLayoutHelpers (0.125.0):
    - FlipperKit/Core
    - FlipperKit/FlipperKitHighlightOverlay
    - FlipperKit/FlipperKitLayoutTextSearchable
  - FlipperKit/FlipperKitLayoutIOSDescriptors (0.125.0):
    - FlipperKit/Core
    - FlipperKit/FlipperKitHighlightOverlay
    - FlipperKit/FlipperKitLayoutHelpers
    - YogaKit (~> 1.18)
  - FlipperKit/FlipperKitLayoutPlugin (0.125.0):
    - FlipperKit/Core
    - FlipperKit/FlipperKitHighlightOverlay
    - FlipperKit/FlipperKitLayoutHelpers
    - FlipperKit/FlipperKitLayoutIOSDescriptors
    - FlipperKit/FlipperKitLayoutTextSearchable
    - YogaKit (~> 1.18)
  - FlipperKit/FlipperKitLayoutTextSearchable (0.125.0)
  - FlipperKit/FlipperKitNetworkPlugin (0.125.0):
    - FlipperKit/Core
  - FlipperKit/FlipperKitReactPlugin (0.125.0):
    - FlipperKit/Core
  - FlipperKit/FlipperKitUserDefaultsPlugin (0.125.0):
    - FlipperKit/Core
  - FlipperKit/SKIOSNetworkPlugin (0.125.0):
    - FlipperKit/Core
    - FlipperKit/FlipperKitNetworkPlugin
  - fmt (6.2.1)
  - glog (0.3.5)
  - GoogleDataTransport (9.2.0):
    - GoogleUtilities/Environment (~> 7.7)
    - nanopb (< 2.30910.0, >= 2.30908.0)
    - PromisesObjC (< 3.0, >= 1.2)
  - GoogleUtilities (7.10.0):
    - GoogleUtilities/AppDelegateSwizzler (= 7.10.0)
    - GoogleUtilities/Environment (= 7.10.0)
    - GoogleUtilities/ISASwizzler (= 7.10.0)
    - GoogleUtilities/Logger (= 7.10.0)
    - GoogleUtilities/MethodSwizzler (= 7.10.0)
    - GoogleUtilities/Network (= 7.10.0)
    - "GoogleUtilities/NSData+zlib (= 7.10.0)"
    - GoogleUtilities/Reachability (= 7.10.0)
    - GoogleUtilities/SwizzlerTestHelpers (= 7.10.0)
    - GoogleUtilities/UserDefaults (= 7.10.0)
  - GoogleUtilities/AppDelegateSwizzler (7.10.0):
    - GoogleUtilities/Environment
    - GoogleUtilities/Logger
    - GoogleUtilities/Network
  - GoogleUtilities/Environment (7.10.0):
    - PromisesObjC (< 3.0, >= 1.2)
  - GoogleUtilities/ISASwizzler (7.10.0)
  - GoogleUtilities/Logger (7.10.0):
    - GoogleUtilities/Environment
  - GoogleUtilities/MethodSwizzler (7.10.0):
    - GoogleUtilities/Logger
  - GoogleUtilities/Network (7.10.0):
    - GoogleUtilities/Logger
    - "GoogleUtilities/NSData+zlib"
    - GoogleUtilities/Reachability
  - "GoogleUtilities/NSData+zlib (7.10.0)"
  - GoogleUtilities/Reachability (7.10.0):
    - GoogleUtilities/Logger
  - GoogleUtilities/SwizzlerTestHelpers (7.10.0):
    - GoogleUtilities/MethodSwizzler
  - GoogleUtilities/UserDefaults (7.10.0):
    - GoogleUtilities/Logger
  - HyphenateChat (4.0.0)
  - libevent (2.1.12)
  - libwebp (1.2.3):
    - libwebp/demux (= 1.2.3)
    - libwebp/mux (= 1.2.3)
    - libwebp/webp (= 1.2.3)
  - libwebp/demux (1.2.3):
    - libwebp/webp
  - libwebp/mux (1.2.3):
    - libwebp/demux
  - libwebp/webp (1.2.3)
  - nanopb (2.30909.0):
    - nanopb/decode (= 2.30909.0)
    - nanopb/encode (= 2.30909.0)
  - nanopb/decode (2.30909.0)
  - nanopb/encode (2.30909.0)
  - OpenSSL-Universal (1.1.1100)
  - Permission-AppTrackingTransparency (3.6.1):
    - RNPermissions
  - Permission-BluetoothPeripheral (3.6.1):
    - RNPermissions
  - Permission-Calendars (3.6.1):
    - RNPermissions
  - Permission-Camera (3.6.1):
    - RNPermissions
  - Permission-Contacts (3.6.1):
    - RNPermissions
  - Permission-FaceID (3.6.1):
    - RNPermissions
  - Permission-LocationAccuracy (3.6.1):
    - RNPermissions
  - Permission-LocationAlways (3.6.1):
    - RNPermissions
  - Permission-LocationWhenInUse (3.6.1):
    - RNPermissions
  - Permission-MediaLibrary (3.6.1):
    - RNPermissions
  - Permission-Microphone (3.6.1):
    - RNPermissions
  - Permission-Motion (3.6.1):
    - RNPermissions
  - Permission-Notifications (3.6.1):
    - RNPermissions
  - Permission-PhotoLibrary (3.6.1):
    - RNPermissions
  - Permission-PhotoLibraryAddOnly (3.6.1):
    - RNPermissions
  - Permission-Reminders (3.6.1):
    - RNPermissions
  - Permission-Siri (3.6.1):
    - RNPermissions
  - Permission-SpeechRecognition (3.6.1):
    - RNPermissions
  - Permission-StoreKit (3.6.1):
    - RNPermissions
  - PromisesObjC (2.1.1)
  - RCT-Folly (2021.06.28.00-v2):
    - boost
    - DoubleConversion
    - fmt (~> 6.2.1)
    - glog
    - RCT-Folly/Default (= 2021.06.28.00-v2)
  - RCT-Folly/Default (2021.06.28.00-v2):
    - boost
    - DoubleConversion
    - fmt (~> 6.2.1)
    - glog
  - RCTRequired (0.68.5)
  - RCTTypeSafety (0.68.5):
    - FBLazyVector (= 0.68.5)
    - RCT-Folly (= 2021.06.28.00-v2)
    - RCTRequired (= 0.68.5)
    - React-Core (= 0.68.5)
  - React (0.68.5):
    - React-Core (= 0.68.5)
    - React-Core/DevSupport (= 0.68.5)
    - React-Core/RCTWebSocket (= 0.68.5)
    - React-RCTActionSheet (= 0.68.5)
    - React-RCTAnimation (= 0.68.5)
    - React-RCTBlob (= 0.68.5)
    - React-RCTImage (= 0.68.5)
    - React-RCTLinking (= 0.68.5)
    - React-RCTNetwork (= 0.68.5)
    - React-RCTSettings (= 0.68.5)
    - React-RCTText (= 0.68.5)
    - React-RCTVibration (= 0.68.5)
  - React-callinvoker (0.68.5)
  - React-Codegen (0.68.5):
    - FBReactNativeSpec (= 0.68.5)
    - RCT-Folly (= 2021.06.28.00-v2)
    - RCTRequired (= 0.68.5)
    - RCTTypeSafety (= 0.68.5)
    - React-Core (= 0.68.5)
    - React-jsi (= 0.68.5)
    - React-jsiexecutor (= 0.68.5)
    - ReactCommon/turbomodule/core (= 0.68.5)
  - React-Core (0.68.5):
    - glog
    - RCT-Folly (= 2021.06.28.00-v2)
    - React-Core/Default (= 0.68.5)
    - React-cxxreact (= 0.68.5)
    - React-jsi (= 0.68.5)
    - React-jsiexecutor (= 0.68.5)
    - React-perflogger (= 0.68.5)
    - Yoga
  - React-Core/CoreModulesHeaders (0.68.5):
    - glog
    - RCT-Folly (= 2021.06.28.00-v2)
    - React-Core/Default
    - React-cxxreact (= 0.68.5)
    - React-jsi (= 0.68.5)
    - React-jsiexecutor (= 0.68.5)
    - React-perflogger (= 0.68.5)
    - Yoga
  - React-Core/Default (0.68.5):
    - glog
    - RCT-Folly (= 2021.06.28.00-v2)
    - React-cxxreact (= 0.68.5)
    - React-jsi (= 0.68.5)
    - React-jsiexecutor (= 0.68.5)
    - React-perflogger (= 0.68.5)
    - Yoga
  - React-Core/DevSupport (0.68.5):
    - glog
    - RCT-Folly (= 2021.06.28.00-v2)
    - React-Core/Default (= 0.68.5)
    - React-Core/RCTWebSocket (= 0.68.5)
    - React-cxxreact (= 0.68.5)
    - React-jsi (= 0.68.5)
    - React-jsiexecutor (= 0.68.5)
    - React-jsinspector (= 0.68.5)
    - React-perflogger (= 0.68.5)
    - Yoga
  - React-Core/RCTActionSheetHeaders (0.68.5):
    - glog
    - RCT-Folly (= 2021.06.28.00-v2)
    - React-Core/Default
    - React-cxxreact (= 0.68.5)
    - React-jsi (= 0.68.5)
    - React-jsiexecutor (= 0.68.5)
    - React-perflogger (= 0.68.5)
    - Yoga
  - React-Core/RCTAnimationHeaders (0.68.5):
    - glog
    - RCT-Folly (= 2021.06.28.00-v2)
    - React-Core/Default
    - React-cxxreact (= 0.68.5)
    - React-jsi (= 0.68.5)
    - React-jsiexecutor (= 0.68.5)
    - React-perflogger (= 0.68.5)
    - Yoga
  - React-Core/RCTBlobHeaders (0.68.5):
    - glog
    - RCT-Folly (= 2021.06.28.00-v2)
    - React-Core/Default
    - React-cxxreact (= 0.68.5)
    - React-jsi (= 0.68.5)
    - React-jsiexecutor (= 0.68.5)
    - React-perflogger (= 0.68.5)
    - Yoga
  - React-Core/RCTImageHeaders (0.68.5):
    - glog
    - RCT-Folly (= 2021.06.28.00-v2)
    - React-Core/Default
    - React-cxxreact (= 0.68.5)
    - React-jsi (= 0.68.5)
    - React-jsiexecutor (= 0.68.5)
    - React-perflogger (= 0.68.5)
    - Yoga
  - React-Core/RCTLinkingHeaders (0.68.5):
    - glog
    - RCT-Folly (= 2021.06.28.00-v2)
    - React-Core/Default
    - React-cxxreact (= 0.68.5)
    - React-jsi (= 0.68.5)
    - React-jsiexecutor (= 0.68.5)
    - React-perflogger (= 0.68.5)
    - Yoga
  - React-Core/RCTNetworkHeaders (0.68.5):
    - glog
    - RCT-Folly (= 2021.06.28.00-v2)
    - React-Core/Default
    - React-cxxreact (= 0.68.5)
    - React-jsi (= 0.68.5)
    - React-jsiexecutor (= 0.68.5)
    - React-perflogger (= 0.68.5)
    - Yoga
  - React-Core/RCTSettingsHeaders (0.68.5):
    - glog
    - RCT-Folly (= 2021.06.28.00-v2)
    - React-Core/Default
    - React-cxxreact (= 0.68.5)
    - React-jsi (= 0.68.5)
    - React-jsiexecutor (= 0.68.5)
    - React-perflogger (= 0.68.5)
    - Yoga
  - React-Core/RCTTextHeaders (0.68.5):
    - glog
    - RCT-Folly (= 2021.06.28.00-v2)
    - React-Core/Default
    - React-cxxreact (= 0.68.5)
    - React-jsi (= 0.68.5)
    - React-jsiexecutor (= 0.68.5)
    - React-perflogger (= 0.68.5)
    - Yoga
  - React-Core/RCTVibrationHeaders (0.68.5):
    - glog
    - RCT-Folly (= 2021.06.28.00-v2)
    - React-Core/Default
    - React-cxxreact (= 0.68.5)
    - React-jsi (= 0.68.5)
    - React-jsiexecutor (= 0.68.5)
    - React-perflogger (= 0.68.5)
    - Yoga
  - React-Core/RCTWebSocket (0.68.5):
    - glog
    - RCT-Folly (= 2021.06.28.00-v2)
    - React-Core/Default (= 0.68.5)
    - React-cxxreact (= 0.68.5)
    - React-jsi (= 0.68.5)
    - React-jsiexecutor (= 0.68.5)
    - React-perflogger (= 0.68.5)
    - Yoga
  - React-CoreModules (0.68.5):
    - RCT-Folly (= 2021.06.28.00-v2)
    - RCTTypeSafety (= 0.68.5)
    - React-Codegen (= 0.68.5)
    - React-Core/CoreModulesHeaders (= 0.68.5)
    - React-jsi (= 0.68.5)
    - React-RCTImage (= 0.68.5)
    - ReactCommon/turbomodule/core (= 0.68.5)
  - React-cxxreact (0.68.5):
    - boost (= 1.76.0)
    - DoubleConversion
    - glog
    - RCT-Folly (= 2021.06.28.00-v2)
    - React-callinvoker (= 0.68.5)
    - React-jsi (= 0.68.5)
    - React-jsinspector (= 0.68.5)
    - React-logger (= 0.68.5)
    - React-perflogger (= 0.68.5)
    - React-runtimeexecutor (= 0.68.5)
  - React-jsi (0.68.5):
    - boost (= 1.76.0)
    - DoubleConversion
    - glog
    - RCT-Folly (= 2021.06.28.00-v2)
    - React-jsi/Default (= 0.68.5)
  - React-jsi/Default (0.68.5):
    - boost (= 1.76.0)
    - DoubleConversion
    - glog
    - RCT-Folly (= 2021.06.28.00-v2)
  - React-jsiexecutor (0.68.5):
    - DoubleConversion
    - glog
    - RCT-Folly (= 2021.06.28.00-v2)
    - React-cxxreact (= 0.68.5)
    - React-jsi (= 0.68.5)
    - React-perflogger (= 0.68.5)
  - React-jsinspector (0.68.5)
  - React-logger (0.68.5):
    - glog
  - react-native-cameraroll (5.2.0):
    - React-Core
  - react-native-chat-callkit (0.1.0):
    - React-Core
  - react-native-chat-sdk (1.1.2-beta.2):
    - HyphenateChat (= 4.0.0)
    - React-Core
  - react-native-chat-uikit (0.1.1-beta.0):
    - React-Core
  - react-native-create-thumbnail (1.6.3):
    - React-Core
  - react-native-document-picker (8.1.3):
    - React-Core
  - react-native-file-access (2.5.2):
    - React-Core
    - ZIPFoundation (= 0.9.11)
  - react-native-image-picker (4.10.3):
    - React-Core
  - react-native-pager-view (6.1.1):
    - React-Core
  - react-native-safe-area-context (4.4.1):
    - RCT-Folly
    - RCTRequired
    - RCTTypeSafety
    - React-Core
    - ReactCommon/turbomodule/core
  - react-native-video (5.2.1):
    - React-Core
    - react-native-video/Video (= 5.2.1)
  - react-native-video/Video (5.2.1):
    - React-Core
  - React-perflogger (0.68.5)
  - React-RCTActionSheet (0.68.5):
    - React-Core/RCTActionSheetHeaders (= 0.68.5)
  - React-RCTAnimation (0.68.5):
    - RCT-Folly (= 2021.06.28.00-v2)
    - RCTTypeSafety (= 0.68.5)
    - React-Codegen (= 0.68.5)
    - React-Core/RCTAnimationHeaders (= 0.68.5)
    - React-jsi (= 0.68.5)
    - ReactCommon/turbomodule/core (= 0.68.5)
  - React-RCTBlob (0.68.5):
    - RCT-Folly (= 2021.06.28.00-v2)
    - React-Codegen (= 0.68.5)
    - React-Core/RCTBlobHeaders (= 0.68.5)
    - React-Core/RCTWebSocket (= 0.68.5)
    - React-jsi (= 0.68.5)
    - React-RCTNetwork (= 0.68.5)
    - ReactCommon/turbomodule/core (= 0.68.5)
  - React-RCTImage (0.68.5):
    - RCT-Folly (= 2021.06.28.00-v2)
    - RCTTypeSafety (= 0.68.5)
    - React-Codegen (= 0.68.5)
    - React-Core/RCTImageHeaders (= 0.68.5)
    - React-jsi (= 0.68.5)
    - React-RCTNetwork (= 0.68.5)
    - ReactCommon/turbomodule/core (= 0.68.5)
  - React-RCTLinking (0.68.5):
    - React-Codegen (= 0.68.5)
    - React-Core/RCTLinkingHeaders (= 0.68.5)
    - React-jsi (= 0.68.5)
    - ReactCommon/turbomodule/core (= 0.68.5)
  - React-RCTNetwork (0.68.5):
    - RCT-Folly (= 2021.06.28.00-v2)
    - RCTTypeSafety (= 0.68.5)
    - React-Codegen (= 0.68.5)
    - React-Core/RCTNetworkHeaders (= 0.68.5)
    - React-jsi (= 0.68.5)
    - ReactCommon/turbomodule/core (= 0.68.5)
  - React-RCTSettings (0.68.5):
    - RCT-Folly (= 2021.06.28.00-v2)
    - RCTTypeSafety (= 0.68.5)
    - React-Codegen (= 0.68.5)
    - React-Core/RCTSettingsHeaders (= 0.68.5)
    - React-jsi (= 0.68.5)
    - ReactCommon/turbomodule/core (= 0.68.5)
  - React-RCTText (0.68.5):
    - React-Core/RCTTextHeaders (= 0.68.5)
  - React-RCTVibration (0.68.5):
    - RCT-Folly (= 2021.06.28.00-v2)
    - React-Codegen (= 0.68.5)
    - React-Core/RCTVibrationHeaders (= 0.68.5)
    - React-jsi (= 0.68.5)
    - ReactCommon/turbomodule/core (= 0.68.5)
  - React-runtimeexecutor (0.68.5):
    - React-jsi (= 0.68.5)
  - ReactCommon/turbomodule/core (0.68.5):
    - DoubleConversion
    - glog
    - RCT-Folly (= 2021.06.28.00-v2)
    - React-callinvoker (= 0.68.5)
    - React-Core (= 0.68.5)
    - React-cxxreact (= 0.68.5)
    - React-jsi (= 0.68.5)
    - React-logger (= 0.68.5)
    - React-perflogger (= 0.68.5)
  - RNAudioRecorderPlayer (3.5.1):
    - React-Core
  - RNCAsyncStorage (1.17.11):
    - React-Core
  - RNCClipboard (1.11.1):
    - React-Core
  - RNFastImage (8.6.3):
    - React-Core
    - SDWebImage (~> 5.11.1)
    - SDWebImageWebPCoder (~> 0.8.4)
  - RNFBApp (16.5.0):
    - Firebase/CoreOnly (= 10.3.0)
    - React-Core
  - RNFBMessaging (16.5.0):
    - Firebase/Messaging (= 10.3.0)
    - FirebaseCoreExtension (= 10.3.0)
    - React-Core
    - RNFBApp
  - RNGestureHandler (2.8.0):
    - React-Core
  - RNPermissions (3.6.1):
    - React-Core
  - RNScreens (3.18.2):
    - React-Core
    - React-RCTImage
  - RNVectorIcons (9.2.0):
    - React-Core
  - SDWebImage (5.11.1):
    - SDWebImage/Core (= 5.11.1)
  - SDWebImage/Core (5.11.1)
  - SDWebImageWebPCoder (0.8.5):
    - libwebp (~> 1.0)
    - SDWebImage/Core (~> 5.10)
  - SocketRocket (0.6.0)
  - Yoga (1.14.0)
  - YogaKit (1.18.1):
    - Yoga (~> 1.14)
  - ZIPFoundation (0.9.11)

DEPENDENCIES:
  - boost (from `../../node_modules/react-native/third-party-podspecs/boost.podspec`)
  - DoubleConversion (from `../../node_modules/react-native/third-party-podspecs/DoubleConversion.podspec`)
  - EXApplication (from `../../node_modules/expo-application/ios`)
  - EXConstants (from `../../node_modules/expo-constants/ios`)
  - EXFileSystem (from `../../node_modules/expo-file-system/ios`)
  - EXFont (from `../../node_modules/expo-font/ios`)
  - Expo (from `../../node_modules/expo/ios`)
  - ExpoKeepAwake (from `../../node_modules/expo-keep-awake/ios`)
  - ExpoModulesCore (from `../../node_modules/expo-modules-core/ios`)
  - EXSplashScreen (from `../../node_modules/expo-splash-screen/ios`)
  - FBLazyVector (from `../../node_modules/react-native/Libraries/FBLazyVector`)
  - FBReactNativeSpec (from `../../node_modules/react-native/React/FBReactNativeSpec`)
  - FirebaseCore
  - Flipper (= 0.125.0)
  - Flipper-Boost-iOSX (= 1.76.0.1.11)
  - Flipper-DoubleConversion (= 3.2.0)
  - Flipper-Fmt (= 7.1.7)
  - Flipper-Folly (= 2.6.10)
  - Flipper-Glog (= 0.5.0.4)
  - Flipper-PeerTalk (= 0.0.4)
  - Flipper-RSocket (= 1.4.3)
  - FlipperKit (= 0.125.0)
  - FlipperKit/Core (= 0.125.0)
  - FlipperKit/CppBridge (= 0.125.0)
  - FlipperKit/FBCxxFollyDynamicConvert (= 0.125.0)
  - FlipperKit/FBDefines (= 0.125.0)
  - FlipperKit/FKPortForwarding (= 0.125.0)
  - FlipperKit/FlipperKitHighlightOverlay (= 0.125.0)
  - FlipperKit/FlipperKitLayoutPlugin (= 0.125.0)
  - FlipperKit/FlipperKitLayoutTextSearchable (= 0.125.0)
  - FlipperKit/FlipperKitNetworkPlugin (= 0.125.0)
  - FlipperKit/FlipperKitReactPlugin (= 0.125.0)
  - FlipperKit/FlipperKitUserDefaultsPlugin (= 0.125.0)
  - FlipperKit/SKIOSNetworkPlugin (= 0.125.0)
  - glog (from `../../node_modules/react-native/third-party-podspecs/glog.podspec`)
  - GoogleUtilities
  - OpenSSL-Universal (= 1.1.1100)
  - Permission-AppTrackingTransparency (from `/Users/asterisk/Codes/zuoyu/react-native-chat-library/node_modules/react-native-permissions/ios/AppTrackingTransparency`)
  - Permission-BluetoothPeripheral (from `/Users/asterisk/Codes/zuoyu/react-native-chat-library/node_modules/react-native-permissions/ios/BluetoothPeripheral`)
  - Permission-Calendars (from `/Users/asterisk/Codes/zuoyu/react-native-chat-library/node_modules/react-native-permissions/ios/Calendars`)
  - Permission-Camera (from `/Users/asterisk/Codes/zuoyu/react-native-chat-library/node_modules/react-native-permissions/ios/Camera`)
  - Permission-Contacts (from `/Users/asterisk/Codes/zuoyu/react-native-chat-library/node_modules/react-native-permissions/ios/Contacts`)
  - Permission-FaceID (from `/Users/asterisk/Codes/zuoyu/react-native-chat-library/node_modules/react-native-permissions/ios/FaceID`)
  - Permission-LocationAccuracy (from `/Users/asterisk/Codes/zuoyu/react-native-chat-library/node_modules/react-native-permissions/ios/LocationAccuracy`)
  - Permission-LocationAlways (from `/Users/asterisk/Codes/zuoyu/react-native-chat-library/node_modules/react-native-permissions/ios/LocationAlways`)
  - Permission-LocationWhenInUse (from `/Users/asterisk/Codes/zuoyu/react-native-chat-library/node_modules/react-native-permissions/ios/LocationWhenInUse`)
  - Permission-MediaLibrary (from `/Users/asterisk/Codes/zuoyu/react-native-chat-library/node_modules/react-native-permissions/ios/MediaLibrary`)
  - Permission-Microphone (from `/Users/asterisk/Codes/zuoyu/react-native-chat-library/node_modules/react-native-permissions/ios/Microphone`)
  - Permission-Motion (from `/Users/asterisk/Codes/zuoyu/react-native-chat-library/node_modules/react-native-permissions/ios/Motion`)
  - Permission-Notifications (from `/Users/asterisk/Codes/zuoyu/react-native-chat-library/node_modules/react-native-permissions/ios/Notifications`)
  - Permission-PhotoLibrary (from `/Users/asterisk/Codes/zuoyu/react-native-chat-library/node_modules/react-native-permissions/ios/PhotoLibrary`)
  - Permission-PhotoLibraryAddOnly (from `/Users/asterisk/Codes/zuoyu/react-native-chat-library/node_modules/react-native-permissions/ios/PhotoLibraryAddOnly`)
  - Permission-Reminders (from `/Users/asterisk/Codes/zuoyu/react-native-chat-library/node_modules/react-native-permissions/ios/Reminders`)
  - Permission-Siri (from `/Users/asterisk/Codes/zuoyu/react-native-chat-library/node_modules/react-native-permissions/ios/Siri`)
  - Permission-SpeechRecognition (from `/Users/asterisk/Codes/zuoyu/react-native-chat-library/node_modules/react-native-permissions/ios/SpeechRecognition`)
  - Permission-StoreKit (from `/Users/asterisk/Codes/zuoyu/react-native-chat-library/node_modules/react-native-permissions/ios/StoreKit`)
  - RCT-Folly (from `../../node_modules/react-native/third-party-podspecs/RCT-Folly.podspec`)
  - RCTRequired (from `../../node_modules/react-native/Libraries/RCTRequired`)
  - RCTTypeSafety (from `../../node_modules/react-native/Libraries/TypeSafety`)
  - React (from `../../node_modules/react-native/`)
  - React-callinvoker (from `../../node_modules/react-native/ReactCommon/callinvoker`)
  - React-Codegen (from `build/generated/ios`)
  - React-Core (from `../../node_modules/react-native/`)
  - React-Core/DevSupport (from `../../node_modules/react-native/`)
  - React-Core/RCTWebSocket (from `../../node_modules/react-native/`)
  - React-CoreModules (from `../../node_modules/react-native/React/CoreModules`)
  - React-cxxreact (from `../../node_modules/react-native/ReactCommon/cxxreact`)
  - React-jsi (from `../../node_modules/react-native/ReactCommon/jsi`)
  - React-jsiexecutor (from `../../node_modules/react-native/ReactCommon/jsiexecutor`)
  - React-jsinspector (from `../../node_modules/react-native/ReactCommon/jsinspector`)
  - React-logger (from `../../node_modules/react-native/ReactCommon/logger`)
  - "react-native-cameraroll (from `../../node_modules/@react-native-camera-roll/camera-roll`)"
  - react-native-chat-callkit (from `../../packages/react-native-chat-callkit`)
  - react-native-chat-sdk (from `../../node_modules/react-native-chat-sdk`)
  - react-native-chat-uikit (from `../../packages/react-native-chat-uikit`)
  - react-native-create-thumbnail (from `../../node_modules/react-native-create-thumbnail`)
  - react-native-document-picker (from `../../node_modules/react-native-document-picker`)
  - react-native-file-access (from `../../node_modules/react-native-file-access`)
  - react-native-image-picker (from `../../node_modules/react-native-image-picker`)
  - react-native-pager-view (from `../../node_modules/react-native-pager-view`)
  - react-native-safe-area-context (from `../../node_modules/react-native-safe-area-context`)
  - react-native-video (from `../../node_modules/react-native-video`)
  - React-perflogger (from `../../node_modules/react-native/ReactCommon/reactperflogger`)
  - React-RCTActionSheet (from `../../node_modules/react-native/Libraries/ActionSheetIOS`)
  - React-RCTAnimation (from `../../node_modules/react-native/Libraries/NativeAnimation`)
  - React-RCTBlob (from `../../node_modules/react-native/Libraries/Blob`)
  - React-RCTImage (from `../../node_modules/react-native/Libraries/Image`)
  - React-RCTLinking (from `../../node_modules/react-native/Libraries/LinkingIOS`)
  - React-RCTNetwork (from `../../node_modules/react-native/Libraries/Network`)
  - React-RCTSettings (from `../../node_modules/react-native/Libraries/Settings`)
  - React-RCTText (from `../../node_modules/react-native/Libraries/Text`)
  - React-RCTVibration (from `../../node_modules/react-native/Libraries/Vibration`)
  - React-runtimeexecutor (from `../../node_modules/react-native/ReactCommon/runtimeexecutor`)
  - ReactCommon/turbomodule/core (from `../../node_modules/react-native/ReactCommon`)
  - RNAudioRecorderPlayer (from `../../node_modules/react-native-audio-recorder-player`)
  - "RNCAsyncStorage (from `../../node_modules/@react-native-async-storage/async-storage`)"
  - "RNCClipboard (from `../../node_modules/@react-native-clipboard/clipboard`)"
  - RNFastImage (from `../../node_modules/react-native-fast-image`)
  - "RNFBApp (from `../../node_modules/@react-native-firebase/app`)"
  - "RNFBMessaging (from `../../node_modules/@react-native-firebase/messaging`)"
  - RNGestureHandler (from `../../node_modules/react-native-gesture-handler`)
  - RNPermissions (from `../../node_modules/react-native-permissions`)
  - RNScreens (from `../../node_modules/react-native-screens`)
  - RNVectorIcons (from `../../node_modules/react-native-vector-icons`)
  - Yoga (from `../../node_modules/react-native/ReactCommon/yoga`)

SPEC REPOS:
  https://mirrors.tuna.tsinghua.edu.cn/git/CocoaPods/Specs.git:
    - CocoaAsyncSocket
    - Flipper
    - Flipper-Boost-iOSX
    - Flipper-DoubleConversion
    - Flipper-Fmt
    - Flipper-Folly
    - Flipper-Glog
    - Flipper-PeerTalk
    - Flipper-RSocket
    - FlipperKit
    - fmt
    - libevent
    - OpenSSL-Universal
    - SocketRocket
    - YogaKit
  trunk:
    - Firebase
    - FirebaseCore
    - FirebaseCoreExtension
    - FirebaseCoreInternal
    - FirebaseInstallations
    - FirebaseMessaging
    - GoogleDataTransport
    - GoogleUtilities
    - HyphenateChat
    - libwebp
    - nanopb
    - PromisesObjC
    - SDWebImage
    - SDWebImageWebPCoder
    - ZIPFoundation

EXTERNAL SOURCES:
  boost:
    :podspec: "../../node_modules/react-native/third-party-podspecs/boost.podspec"
  DoubleConversion:
    :podspec: "../../node_modules/react-native/third-party-podspecs/DoubleConversion.podspec"
  EXApplication:
    :path: "../../node_modules/expo-application/ios"
  EXConstants:
    :path: "../../node_modules/expo-constants/ios"
  EXFileSystem:
    :path: "../../node_modules/expo-file-system/ios"
  EXFont:
    :path: "../../node_modules/expo-font/ios"
  Expo:
    :path: "../../node_modules/expo/ios"
  ExpoKeepAwake:
    :path: "../../node_modules/expo-keep-awake/ios"
  ExpoModulesCore:
    :path: "../../node_modules/expo-modules-core/ios"
  EXSplashScreen:
    :path: "../../node_modules/expo-splash-screen/ios"
  FBLazyVector:
    :path: "../../node_modules/react-native/Libraries/FBLazyVector"
  FBReactNativeSpec:
    :path: "../../node_modules/react-native/React/FBReactNativeSpec"
  glog:
    :podspec: "../../node_modules/react-native/third-party-podspecs/glog.podspec"
  Permission-AppTrackingTransparency:
    :path: "/Users/asterisk/Codes/zuoyu/react-native-chat-library/node_modules/react-native-permissions/ios/AppTrackingTransparency"
  Permission-BluetoothPeripheral:
    :path: "/Users/asterisk/Codes/zuoyu/react-native-chat-library/node_modules/react-native-permissions/ios/BluetoothPeripheral"
  Permission-Calendars:
    :path: "/Users/asterisk/Codes/zuoyu/react-native-chat-library/node_modules/react-native-permissions/ios/Calendars"
  Permission-Camera:
    :path: "/Users/asterisk/Codes/zuoyu/react-native-chat-library/node_modules/react-native-permissions/ios/Camera"
  Permission-Contacts:
    :path: "/Users/asterisk/Codes/zuoyu/react-native-chat-library/node_modules/react-native-permissions/ios/Contacts"
  Permission-FaceID:
    :path: "/Users/asterisk/Codes/zuoyu/react-native-chat-library/node_modules/react-native-permissions/ios/FaceID"
  Permission-LocationAccuracy:
    :path: "/Users/asterisk/Codes/zuoyu/react-native-chat-library/node_modules/react-native-permissions/ios/LocationAccuracy"
  Permission-LocationAlways:
    :path: "/Users/asterisk/Codes/zuoyu/react-native-chat-library/node_modules/react-native-permissions/ios/LocationAlways"
  Permission-LocationWhenInUse:
    :path: "/Users/asterisk/Codes/zuoyu/react-native-chat-library/node_modules/react-native-permissions/ios/LocationWhenInUse"
  Permission-MediaLibrary:
    :path: "/Users/asterisk/Codes/zuoyu/react-native-chat-library/node_modules/react-native-permissions/ios/MediaLibrary"
  Permission-Microphone:
    :path: "/Users/asterisk/Codes/zuoyu/react-native-chat-library/node_modules/react-native-permissions/ios/Microphone"
  Permission-Motion:
    :path: "/Users/asterisk/Codes/zuoyu/react-native-chat-library/node_modules/react-native-permissions/ios/Motion"
  Permission-Notifications:
    :path: "/Users/asterisk/Codes/zuoyu/react-native-chat-library/node_modules/react-native-permissions/ios/Notifications"
  Permission-PhotoLibrary:
    :path: "/Users/asterisk/Codes/zuoyu/react-native-chat-library/node_modules/react-native-permissions/ios/PhotoLibrary"
  Permission-PhotoLibraryAddOnly:
    :path: "/Users/asterisk/Codes/zuoyu/react-native-chat-library/node_modules/react-native-permissions/ios/PhotoLibraryAddOnly"
  Permission-Reminders:
    :path: "/Users/asterisk/Codes/zuoyu/react-native-chat-library/node_modules/react-native-permissions/ios/Reminders"
  Permission-Siri:
    :path: "/Users/asterisk/Codes/zuoyu/react-native-chat-library/node_modules/react-native-permissions/ios/Siri"
  Permission-SpeechRecognition:
    :path: "/Users/asterisk/Codes/zuoyu/react-native-chat-library/node_modules/react-native-permissions/ios/SpeechRecognition"
  Permission-StoreKit:
    :path: "/Users/asterisk/Codes/zuoyu/react-native-chat-library/node_modules/react-native-permissions/ios/StoreKit"
  RCT-Folly:
    :podspec: "../../node_modules/react-native/third-party-podspecs/RCT-Folly.podspec"
  RCTRequired:
    :path: "../../node_modules/react-native/Libraries/RCTRequired"
  RCTTypeSafety:
    :path: "../../node_modules/react-native/Libraries/TypeSafety"
  React:
    :path: "../../node_modules/react-native/"
  React-callinvoker:
    :path: "../../node_modules/react-native/ReactCommon/callinvoker"
  React-Codegen:
    :path: build/generated/ios
  React-Core:
    :path: "../../node_modules/react-native/"
  React-CoreModules:
    :path: "../../node_modules/react-native/React/CoreModules"
  React-cxxreact:
    :path: "../../node_modules/react-native/ReactCommon/cxxreact"
  React-jsi:
    :path: "../../node_modules/react-native/ReactCommon/jsi"
  React-jsiexecutor:
    :path: "../../node_modules/react-native/ReactCommon/jsiexecutor"
  React-jsinspector:
    :path: "../../node_modules/react-native/ReactCommon/jsinspector"
  React-logger:
    :path: "../../node_modules/react-native/ReactCommon/logger"
  react-native-cameraroll:
    :path: "../../node_modules/@react-native-camera-roll/camera-roll"
  react-native-chat-callkit:
    :path: "../../packages/react-native-chat-callkit"
  react-native-chat-sdk:
    :path: "../../node_modules/react-native-chat-sdk"
  react-native-chat-uikit:
    :path: "../../packages/react-native-chat-uikit"
  react-native-create-thumbnail:
    :path: "../../node_modules/react-native-create-thumbnail"
  react-native-document-picker:
    :path: "../../node_modules/react-native-document-picker"
  react-native-file-access:
    :path: "../../node_modules/react-native-file-access"
  react-native-image-picker:
    :path: "../../node_modules/react-native-image-picker"
  react-native-pager-view:
    :path: "../../node_modules/react-native-pager-view"
  react-native-safe-area-context:
    :path: "../../node_modules/react-native-safe-area-context"
  react-native-video:
    :path: "../../node_modules/react-native-video"
  React-perflogger:
    :path: "../../node_modules/react-native/ReactCommon/reactperflogger"
  React-RCTActionSheet:
    :path: "../../node_modules/react-native/Libraries/ActionSheetIOS"
  React-RCTAnimation:
    :path: "../../node_modules/react-native/Libraries/NativeAnimation"
  React-RCTBlob:
    :path: "../../node_modules/react-native/Libraries/Blob"
  React-RCTImage:
    :path: "../../node_modules/react-native/Libraries/Image"
  React-RCTLinking:
    :path: "../../node_modules/react-native/Libraries/LinkingIOS"
  React-RCTNetwork:
    :path: "../../node_modules/react-native/Libraries/Network"
  React-RCTSettings:
    :path: "../../node_modules/react-native/Libraries/Settings"
  React-RCTText:
    :path: "../../node_modules/react-native/Libraries/Text"
  React-RCTVibration:
    :path: "../../node_modules/react-native/Libraries/Vibration"
  React-runtimeexecutor:
    :path: "../../node_modules/react-native/ReactCommon/runtimeexecutor"
  ReactCommon:
    :path: "../../node_modules/react-native/ReactCommon"
  RNAudioRecorderPlayer:
    :path: "../../node_modules/react-native-audio-recorder-player"
  RNCAsyncStorage:
    :path: "../../node_modules/@react-native-async-storage/async-storage"
  RNCClipboard:
    :path: "../../node_modules/@react-native-clipboard/clipboard"
  RNFastImage:
    :path: "../../node_modules/react-native-fast-image"
  RNFBApp:
    :path: "../../node_modules/@react-native-firebase/app"
  RNFBMessaging:
    :path: "../../node_modules/@react-native-firebase/messaging"
  RNGestureHandler:
    :path: "../../node_modules/react-native-gesture-handler"
  RNPermissions:
    :path: "../../node_modules/react-native-permissions"
  RNScreens:
    :path: "../../node_modules/react-native-screens"
  RNVectorIcons:
    :path: "../../node_modules/react-native-vector-icons"
  Yoga:
    :path: "../../node_modules/react-native/ReactCommon/yoga"

SPEC CHECKSUMS:
  boost: a7c83b31436843459a1961bfd74b96033dc77234
  CocoaAsyncSocket: 065fd1e645c7abab64f7a6a2007a48038fdc6a99
  DoubleConversion: 831926d9b8bf8166fd87886c4abab286c2422662
  EXApplication: d6562af1204162e0ac46d341a7d4e5dc720b33de
  EXConstants: fdbe52259365b6a6faaa5e99a3b82cfa6bc2eb61
  EXFileSystem: 2aa2d9289f84bca9532b9ccbd81504fa31eb1ded
  EXFont: 04235cc22e6fef86028feb67db452978dc6f240f
  Expo: 1133eaf0e12dc265ac82a256f3815401b7570f96
  ExpoKeepAwake: c0c494b442ecd8122974c13b93ccfb57bd408e88
  ExpoModulesCore: e4278a668e8c13c0269ed8b8a4200989deea2973
  EXSplashScreen: 34f460788db8d682883871708dddbfac72095bb7
  FBLazyVector: 2b47ff52037bd9ae07cc9b051c9975797814b736
  FBReactNativeSpec: 077145af227b87804441c945101b5587c04ad00c
  Firebase: f92fc551ead69c94168d36c2b26188263860acd9
  FirebaseCore: 988754646ab3bd4bdcb740f1bfe26b9f6c0d5f2a
  FirebaseCoreExtension: 93d252fabdc9696bf14a73b04d84877ab9b3a832
  FirebaseCoreInternal: 29b76f784d607df8b2a1259d73c3f04f1210137b
  FirebaseInstallations: e2f26126089dcf41e215f7b8925af8d953c7d602
  FirebaseMessaging: e345b219fd15d325f0cf2fef28cb8ce00d851b3f
  Flipper: 26fc4b7382499f1281eb8cb921e5c3ad6de91fe0
  Flipper-Boost-iOSX: fd1e2b8cbef7e662a122412d7ac5f5bea715403c
  Flipper-DoubleConversion: 3d3d04a078d4f3a1b6c6916587f159dc11f232c4
  Flipper-Fmt: 60cbdd92fc254826e61d669a5d87ef7015396a9b
  Flipper-Folly: 584845625005ff068a6ebf41f857f468decd26b3
  Flipper-Glog: 87bc98ff48de90cb5b0b5114ed3da79d85ee2dd4
  Flipper-PeerTalk: 116d8f857dc6ef55c7a5a75ea3ceaafe878aadc9
  Flipper-RSocket: d9d9ade67cbecf6ac10730304bf5607266dd2541
  FlipperKit: cbdee19bdd4e7f05472a66ce290f1b729ba3cb86
  fmt: ff9d55029c625d3757ed641535fd4a75fedc7ce9
  glog: 476ee3e89abb49e07f822b48323c51c57124b572
  GoogleDataTransport: 1c8145da7117bd68bbbed00cf304edb6a24de00f
  GoogleUtilities: bad72cb363809015b1f7f19beb1f1cd23c589f95
  HyphenateChat: 9f6e4ac3b290e52cc0e52491f85d86097b35c285
  libevent: 4049cae6c81cdb3654a443be001fb9bdceff7913
  libwebp: 60305b2e989864154bd9be3d772730f08fc6a59c
  nanopb: b552cce312b6c8484180ef47159bc0f65a1f0431
  OpenSSL-Universal: ebc357f1e6bc71fa463ccb2fe676756aff50e88c
  Permission-AppTrackingTransparency: 9eedbc3b5a2907b8cb2c971461754616eac1661d
  Permission-BluetoothPeripheral: 67708853584bb9208c76d36d0e0ea4eafb97ea5b
  Permission-Calendars: dd55f36958c398a487f141d4c89119907e34dca8
  Permission-Camera: bf6791b17c7f614b6826019fcfdcc286d3a107f6
  Permission-Contacts: 2484d274171688b1ca80978b949ac771259b51f0
  Permission-FaceID: e70223280292a1a5e4b8ad943b70cd9229a7d2c3
  Permission-LocationAccuracy: 76df17de5c6b8bc2eee34e61ee92cdd7a864c73d
  Permission-LocationAlways: 8d99b025c9f73c696e0cdb367e42525f2e9a26f2
  Permission-LocationWhenInUse: 3ba99e45c852763f730eabecec2870c2382b7bd4
  Permission-MediaLibrary: a994236bae41b3597a376ff08298fb1c6d84729b
  Permission-Microphone: 48212dd4d28025d9930d583e3c7a56da7268665c
  Permission-Motion: d3e5ac6c989b2594a3c5c5ab19ffe9453fa3eb5c
  Permission-Notifications: 150484ae586eb9be4e32217582a78350a9bb31c3
  Permission-PhotoLibrary: 5b34ca67279f7201ae109cef36f9806a6596002d
  Permission-PhotoLibraryAddOnly: 6dba8924024e239af2e282daa8a88967679b4983
  Permission-Reminders: dd6692dab69ae8a4e2473860e25b6304f9bcd326
  Permission-Siri: 9853b319177b9f2460bd3e0bdd26bdebe6238def
  Permission-SpeechRecognition: 7bda51c7a3b68f259a98436ed431afdf84a19ecf
  Permission-StoreKit: 7dcf43ad1b8cdc7ae21e547d49df9ac9b6ea7270
  PromisesObjC: ab77feca74fa2823e7af4249b8326368e61014cb
  RCT-Folly: 4d8508a426467c48885f1151029bc15fa5d7b3b8
  RCTRequired: 0f06b6068f530932d10e1a01a5352fad4eaacb74
  RCTTypeSafety: b0ee81f10ef1b7d977605a2b266823dabd565e65
  React: 3becd12bd51ea8a43bdde7e09d0f40fba7820e03
  React-callinvoker: 11abfff50e6bf7a55b3a90b4dc2187f71f224593
  React-Codegen: f8946ce0768fb8e92e092e30944489c4b2955b2d
  React-Core: 203cdb6ee2657b198d97d41031c249161060e6ca
  React-CoreModules: 6eb0c06a4a223fde2cb6a8d0f44f58b67e808942
  React-cxxreact: afb0c6c07d19adbd850747fedeac20c6832d40b9
  React-jsi: 14d37a6db2af2c1a49f6f5c2e4ee667c364ae45c
  React-jsiexecutor: 45c0496ca8cef6b02d9fa0274c25cf458fe91a56
  React-jsinspector: eb202e43b3879aba9a14f3f65788aec85d4e1ea9
  React-logger: 98f663b292a60967ebbc6d803ae96c1381183b6d
  react-native-cameraroll: 0ff04cc4e0ff5f19a94ff4313e5c8bc4503cd86d
  react-native-chat-callkit: 459e79ac8d0db690ed9180ebd07bc0809d7c7e3c
  react-native-chat-sdk: 875d32380fcd7a29694d21a1293b3cf7fffe8884
  react-native-chat-uikit: 437b1e9670038418445f10da84b79e2dc395e234
  react-native-create-thumbnail: 94e68f6cc050a870f830352d1a924c1e8d38b52f
  react-native-document-picker: 958e2bc82e128be69055be261aeac8d872c8d34c
  react-native-file-access: 2105d76b5d584d11db6f5d587b6af98ef9ff8080
  react-native-image-picker: 60f4246eb5bb7187fc15638a8c1f13abd3820695
  react-native-pager-view: 3c66c4e2f3ab423643d07b2c7041f8ac48395f72
  react-native-safe-area-context: 99b24a0c5acd0d5dcac2b1a7f18c49ea317be99a
  react-native-video: c26780b224543c62d5e1b2a7244a5cd1b50e8253
  React-perflogger: 0458a87ea9a7342079e7a31b0d32b3734fb8415f
  React-RCTActionSheet: 22538001ea2926dea001111dd2846c13a0730bc9
  React-RCTAnimation: 732ce66878d4aa151d56a0d142b1105aa12fd313
  React-RCTBlob: 9cb9e3e9a41d27be34aaf89b0e0f52c7ca415d57
  React-RCTImage: 6bd16627eb9c4bb79903c4cdec7c551266ee1a5b
  React-RCTLinking: e9edfc8919c8fa9a3f3c7b34362811f58a2ebba4
  React-RCTNetwork: 880eccd21bbe2660a0b63da5ccba75c46eceeaa6
  React-RCTSettings: 8c85d8188c97d6c6bd470af6631a6c4555b79bb3
  React-RCTText: bbd275ee287730c5acbab1aadc0db39c25c5c64e
  React-RCTVibration: 9819a3bf6230e4b2a99877c21268b0b2416157a1
  React-runtimeexecutor: b1f1995089b90696dbc2a7ffe0059a80db5c8eb1
  ReactCommon: 149e2c0acab9bac61378da0db5b2880a1b5ff59b
  RNAudioRecorderPlayer: 308940de4f9d1448a064874fd9d83479ae47c7a7
  RNCAsyncStorage: 8616bd5a58af409453ea4e1b246521bb76578d60
  RNCClipboard: 2834e1c4af68697089cdd455ee4a4cdd198fa7dd
  RNFastImage: 5c9c9fed9c076e521b3f509fe79e790418a544e8
  RNFBApp: 9295dac8a4e8857918bcff90328b197807ee0dc1
  RNFBMessaging: 1a84a46789e1ee9820d70839683faff890a22411
  RNGestureHandler: 62232ba8f562f7dea5ba1b3383494eb5bf97a4d3
  RNPermissions: dcdb7b99796bbeda6975a6e79ad519c41b251b1c
  RNScreens: 34cc502acf1b916c582c60003dc3089fa01dc66d
  RNVectorIcons: fcc2f6cb32f5735b586e66d14103a74ce6ad61f8
  SDWebImage: a7f831e1a65eb5e285e3fb046a23fcfbf08e696d
  SDWebImageWebPCoder: 908b83b6adda48effe7667cd2b7f78c897e5111d
  SocketRocket: fccef3f9c5cedea1353a9ef6ada904fde10d6608
  Yoga: c4d61225a466f250c35c1ee78d2d0b3d41fe661c
  YogaKit: f782866e155069a2cca2517aafea43200b01fd5a
  ZIPFoundation: b1f0de4eed33e74a676f76e12559ab6b75990197

PODFILE CHECKSUM: 3836902756d427aad5b98977486ee915b5f04eb8

COCOAPODS: 1.11.3
