PODS:
  - boost (1.76.0)
  - CocoaAsyncSocket (7.6.5)
  - DoubleConversion (1.1.6)
  - EXApplication (5.1.1):
    - ExpoModulesCore
  - EXConstants (14.2.1):
    - ExpoModulesCore
  - EXFileSystem (15.2.2):
    - ExpoModulesCore
  - EXFont (11.1.1):
    - ExpoModulesCore
  - Expo (48.0.19):
    - ExpoModulesCore
  - ExpoKeepAwake (12.0.1):
    - ExpoModulesCore
  - ExpoModulesCore (1.2.7):
    - React-Core
    - React-RCTAppDelegate
    - ReactCommon/turbomodule/core
  - EXSplashScreen (0.18.2):
    - ExpoModulesCore
    - React-Core
  - FBLazyVector (0.71.11)
  - FBReactNativeSpec (0.71.11):
    - RCT-Folly (= 2021.07.22.00)
    - RCTRequired (= 0.71.11)
    - RCTTypeSafety (= 0.71.11)
    - React-Core (= 0.71.11)
    - React-jsi (= 0.71.11)
    - ReactCommon/turbomodule/core (= 0.71.11)
  - Firebase/CoreOnly (10.10.0):
    - FirebaseCore (= 10.10.0)
  - Firebase/Messaging (10.10.0):
    - Firebase/CoreOnly
    - FirebaseMessaging (~> 10.10.0)
  - FirebaseCore (10.10.0):
    - FirebaseCoreInternal (~> 10.0)
    - GoogleUtilities/Environment (~> 7.8)
    - GoogleUtilities/Logger (~> 7.8)
  - FirebaseCoreExtension (10.10.0):
    - FirebaseCore (~> 10.0)
  - FirebaseCoreInternal (10.10.0):
    - "GoogleUtilities/NSData+zlib (~> 7.8)"
  - FirebaseInstallations (10.10.0):
    - FirebaseCore (~> 10.0)
    - GoogleUtilities/Environment (~> 7.8)
    - GoogleUtilities/UserDefaults (~> 7.8)
    - PromisesObjC (~> 2.1)
  - FirebaseMessaging (10.10.0):
    - FirebaseCore (~> 10.0)
    - FirebaseInstallations (~> 10.0)
    - GoogleDataTransport (~> 9.2)
    - GoogleUtilities/AppDelegateSwizzler (~> 7.8)
    - GoogleUtilities/Environment (~> 7.8)
    - GoogleUtilities/Reachability (~> 7.8)
    - GoogleUtilities/UserDefaults (~> 7.8)
    - nanopb (< 2.30910.0, >= 2.30908.0)
  - Flipper (0.182.0):
    - Flipper-Folly (~> 2.6)
  - Flipper-Boost-iOSX (1.76.0.1.11)
  - Flipper-DoubleConversion (3.2.0.1)
  - Flipper-Fmt (7.1.7)
  - Flipper-Folly (2.6.10):
    - Flipper-Boost-iOSX
    - Flipper-DoubleConversion
    - Flipper-Fmt (= 7.1.7)
    - Flipper-Glog
    - libevent (~> 2.1.12)
    - OpenSSL-Universal (= 1.1.1100)
  - Flipper-Glog (0.5.0.5)
  - Flipper-PeerTalk (0.0.4)
  - Flipper-RSocket (1.4.3):
    - Flipper-Folly (~> 2.6)
  - FlipperKit (0.182.0):
    - FlipperKit/Core (= 0.182.0)
  - FlipperKit/Core (0.182.0):
    - Flipper (~> 0.182.0)
    - FlipperKit/CppBridge
    - FlipperKit/FBCxxFollyDynamicConvert
    - FlipperKit/FBDefines
    - FlipperKit/FKPortForwarding
    - SocketRocket (~> 0.6.0)
  - FlipperKit/CppBridge (0.182.0):
    - Flipper (~> 0.182.0)
  - FlipperKit/FBCxxFollyDynamicConvert (0.182.0):
    - Flipper-Folly (~> 2.6)
  - FlipperKit/FBDefines (0.182.0)
  - FlipperKit/FKPortForwarding (0.182.0):
    - CocoaAsyncSocket (~> 7.6)
    - Flipper-PeerTalk (~> 0.0.4)
  - FlipperKit/FlipperKitHighlightOverlay (0.182.0)
  - FlipperKit/FlipperKitLayoutHelpers (0.182.0):
    - FlipperKit/Core
    - FlipperKit/FlipperKitHighlightOverlay
    - FlipperKit/FlipperKitLayoutTextSearchable
  - FlipperKit/FlipperKitLayoutIOSDescriptors (0.182.0):
    - FlipperKit/Core
    - FlipperKit/FlipperKitHighlightOverlay
    - FlipperKit/FlipperKitLayoutHelpers
    - YogaKit (~> 1.18)
  - FlipperKit/FlipperKitLayoutPlugin (0.182.0):
    - FlipperKit/Core
    - FlipperKit/FlipperKitHighlightOverlay
    - FlipperKit/FlipperKitLayoutHelpers
    - FlipperKit/FlipperKitLayoutIOSDescriptors
    - FlipperKit/FlipperKitLayoutTextSearchable
    - YogaKit (~> 1.18)
  - FlipperKit/FlipperKitLayoutTextSearchable (0.182.0)
  - FlipperKit/FlipperKitNetworkPlugin (0.182.0):
    - FlipperKit/Core
  - FlipperKit/FlipperKitReactPlugin (0.182.0):
    - FlipperKit/Core
  - FlipperKit/FlipperKitUserDefaultsPlugin (0.182.0):
    - FlipperKit/Core
  - FlipperKit/SKIOSNetworkPlugin (0.182.0):
    - FlipperKit/Core
    - FlipperKit/FlipperKitNetworkPlugin
  - fmt (6.2.1)
  - glog (0.3.5)
  - GoogleDataTransport (9.2.3):
    - GoogleUtilities/Environment (~> 7.7)
    - nanopb (< 2.30910.0, >= 2.30908.0)
    - PromisesObjC (< 3.0, >= 1.2)
  - GoogleUtilities (7.11.1):
    - GoogleUtilities/AppDelegateSwizzler (= 7.11.1)
    - GoogleUtilities/Environment (= 7.11.1)
    - GoogleUtilities/ISASwizzler (= 7.11.1)
    - GoogleUtilities/Logger (= 7.11.1)
    - GoogleUtilities/MethodSwizzler (= 7.11.1)
    - GoogleUtilities/Network (= 7.11.1)
    - "GoogleUtilities/NSData+zlib (= 7.11.1)"
    - GoogleUtilities/Reachability (= 7.11.1)
    - GoogleUtilities/SwizzlerTestHelpers (= 7.11.1)
    - GoogleUtilities/UserDefaults (= 7.11.1)
  - GoogleUtilities/AppDelegateSwizzler (7.11.1):
    - GoogleUtilities/Environment
    - GoogleUtilities/Logger
    - GoogleUtilities/Network
  - GoogleUtilities/Environment (7.11.1):
    - PromisesObjC (< 3.0, >= 1.2)
  - GoogleUtilities/ISASwizzler (7.11.1)
  - GoogleUtilities/Logger (7.11.1):
    - GoogleUtilities/Environment
  - GoogleUtilities/MethodSwizzler (7.11.1):
    - GoogleUtilities/Logger
  - GoogleUtilities/Network (7.11.1):
    - GoogleUtilities/Logger
    - "GoogleUtilities/NSData+zlib"
    - GoogleUtilities/Reachability
  - "GoogleUtilities/NSData+zlib (7.11.1)"
  - GoogleUtilities/Reachability (7.11.1):
    - GoogleUtilities/Logger
  - GoogleUtilities/SwizzlerTestHelpers (7.11.1):
    - GoogleUtilities/MethodSwizzler
  - GoogleUtilities/UserDefaults (7.11.1):
    - GoogleUtilities/Logger
  - HyphenateChat (4.0.2)
  - libevent (2.1.12)
  - libwebp (1.2.4):
    - libwebp/demux (= 1.2.4)
    - libwebp/mux (= 1.2.4)
    - libwebp/webp (= 1.2.4)
  - libwebp/demux (1.2.4):
    - libwebp/webp
  - libwebp/mux (1.2.4):
    - libwebp/demux
  - libwebp/webp (1.2.4)
  - nanopb (2.30909.0):
    - nanopb/decode (= 2.30909.0)
    - nanopb/encode (= 2.30909.0)
  - nanopb/decode (2.30909.0)
  - nanopb/encode (2.30909.0)
  - OpenSSL-Universal (1.1.1100)
  - Permission-AppTrackingTransparency (3.8.0):
    - RNPermissions
  - Permission-BluetoothPeripheral (3.8.0):
    - RNPermissions
  - Permission-Calendars (3.8.0):
    - RNPermissions
  - Permission-Camera (3.8.0):
    - RNPermissions
  - Permission-Contacts (3.8.0):
    - RNPermissions
  - Permission-FaceID (3.8.0):
    - RNPermissions
  - Permission-LocationAccuracy (3.8.0):
    - RNPermissions
  - Permission-LocationAlways (3.8.0):
    - RNPermissions
  - Permission-LocationWhenInUse (3.8.0):
    - RNPermissions
  - Permission-MediaLibrary (3.8.0):
    - RNPermissions
  - Permission-Microphone (3.8.0):
    - RNPermissions
  - Permission-Motion (3.8.0):
    - RNPermissions
  - Permission-Notifications (3.8.0):
    - RNPermissions
  - Permission-PhotoLibrary (3.8.0):
    - RNPermissions
  - Permission-PhotoLibraryAddOnly (3.8.0):
    - RNPermissions
  - Permission-Reminders (3.8.0):
    - RNPermissions
  - Permission-Siri (3.8.0):
    - RNPermissions
  - Permission-SpeechRecognition (3.8.0):
    - RNPermissions
  - Permission-StoreKit (3.8.0):
    - RNPermissions
  - PromisesObjC (2.2.0)
  - RCT-Folly (2021.07.22.00):
    - boost
    - DoubleConversion
    - fmt (~> 6.2.1)
    - glog
    - RCT-Folly/Default (= 2021.07.22.00)
  - RCT-Folly/Default (2021.07.22.00):
    - boost
    - DoubleConversion
    - fmt (~> 6.2.1)
    - glog
  - RCTRequired (0.71.11)
  - RCTTypeSafety (0.71.11):
    - FBLazyVector (= 0.71.11)
    - RCTRequired (= 0.71.11)
    - React-Core (= 0.71.11)
  - React (0.71.11):
    - React-Core (= 0.71.11)
    - React-Core/DevSupport (= 0.71.11)
    - React-Core/RCTWebSocket (= 0.71.11)
    - React-RCTActionSheet (= 0.71.11)
    - React-RCTAnimation (= 0.71.11)
    - React-RCTBlob (= 0.71.11)
    - React-RCTImage (= 0.71.11)
    - React-RCTLinking (= 0.71.11)
    - React-RCTNetwork (= 0.71.11)
    - React-RCTSettings (= 0.71.11)
    - React-RCTText (= 0.71.11)
    - React-RCTVibration (= 0.71.11)
  - React-callinvoker (0.71.11)
  - React-Codegen (0.71.11):
    - FBReactNativeSpec
    - RCT-Folly
    - RCTRequired
    - RCTTypeSafety
    - React-Core
    - React-jsc
    - React-jsi
    - React-jsiexecutor
    - ReactCommon/turbomodule/bridging
    - ReactCommon/turbomodule/core
  - React-Core (0.71.11):
    - glog
    - RCT-Folly (= 2021.07.22.00)
    - React-Core/Default (= 0.71.11)
    - React-cxxreact (= 0.71.11)
    - React-jsc
    - React-jsi (= 0.71.11)
    - React-jsiexecutor (= 0.71.11)
    - React-perflogger (= 0.71.11)
    - Yoga
  - React-Core/CoreModulesHeaders (0.71.11):
    - glog
    - RCT-Folly (= 2021.07.22.00)
    - React-Core/Default
    - React-cxxreact (= 0.71.11)
    - React-jsc
    - React-jsi (= 0.71.11)
    - React-jsiexecutor (= 0.71.11)
    - React-perflogger (= 0.71.11)
    - Yoga
  - React-Core/Default (0.71.11):
    - glog
    - RCT-Folly (= 2021.07.22.00)
    - React-cxxreact (= 0.71.11)
    - React-jsc
    - React-jsi (= 0.71.11)
    - React-jsiexecutor (= 0.71.11)
    - React-perflogger (= 0.71.11)
    - Yoga
  - React-Core/DevSupport (0.71.11):
    - glog
    - RCT-Folly (= 2021.07.22.00)
    - React-Core/Default (= 0.71.11)
    - React-Core/RCTWebSocket (= 0.71.11)
    - React-cxxreact (= 0.71.11)
    - React-jsc
    - React-jsi (= 0.71.11)
    - React-jsiexecutor (= 0.71.11)
    - React-jsinspector (= 0.71.11)
    - React-perflogger (= 0.71.11)
    - Yoga
  - React-Core/RCTActionSheetHeaders (0.71.11):
    - glog
    - RCT-Folly (= 2021.07.22.00)
    - React-Core/Default
    - React-cxxreact (= 0.71.11)
    - React-jsc
    - React-jsi (= 0.71.11)
    - React-jsiexecutor (= 0.71.11)
    - React-perflogger (= 0.71.11)
    - Yoga
  - React-Core/RCTAnimationHeaders (0.71.11):
    - glog
    - RCT-Folly (= 2021.07.22.00)
    - React-Core/Default
    - React-cxxreact (= 0.71.11)
    - React-jsc
    - React-jsi (= 0.71.11)
    - React-jsiexecutor (= 0.71.11)
    - React-perflogger (= 0.71.11)
    - Yoga
  - React-Core/RCTBlobHeaders (0.71.11):
    - glog
    - RCT-Folly (= 2021.07.22.00)
    - React-Core/Default
    - React-cxxreact (= 0.71.11)
    - React-jsc
    - React-jsi (= 0.71.11)
    - React-jsiexecutor (= 0.71.11)
    - React-perflogger (= 0.71.11)
    - Yoga
  - React-Core/RCTImageHeaders (0.71.11):
    - glog
    - RCT-Folly (= 2021.07.22.00)
    - React-Core/Default
    - React-cxxreact (= 0.71.11)
    - React-jsc
    - React-jsi (= 0.71.11)
    - React-jsiexecutor (= 0.71.11)
    - React-perflogger (= 0.71.11)
    - Yoga
  - React-Core/RCTLinkingHeaders (0.71.11):
    - glog
    - RCT-Folly (= 2021.07.22.00)
    - React-Core/Default
    - React-cxxreact (= 0.71.11)
    - React-jsc
    - React-jsi (= 0.71.11)
    - React-jsiexecutor (= 0.71.11)
    - React-perflogger (= 0.71.11)
    - Yoga
  - React-Core/RCTNetworkHeaders (0.71.11):
    - glog
    - RCT-Folly (= 2021.07.22.00)
    - React-Core/Default
    - React-cxxreact (= 0.71.11)
    - React-jsc
    - React-jsi (= 0.71.11)
    - React-jsiexecutor (= 0.71.11)
    - React-perflogger (= 0.71.11)
    - Yoga
  - React-Core/RCTSettingsHeaders (0.71.11):
    - glog
    - RCT-Folly (= 2021.07.22.00)
    - React-Core/Default
    - React-cxxreact (= 0.71.11)
    - React-jsc
    - React-jsi (= 0.71.11)
    - React-jsiexecutor (= 0.71.11)
    - React-perflogger (= 0.71.11)
    - Yoga
  - React-Core/RCTTextHeaders (0.71.11):
    - glog
    - RCT-Folly (= 2021.07.22.00)
    - React-Core/Default
    - React-cxxreact (= 0.71.11)
    - React-jsc
    - React-jsi (= 0.71.11)
    - React-jsiexecutor (= 0.71.11)
    - React-perflogger (= 0.71.11)
    - Yoga
  - React-Core/RCTVibrationHeaders (0.71.11):
    - glog
    - RCT-Folly (= 2021.07.22.00)
    - React-Core/Default
    - React-cxxreact (= 0.71.11)
    - React-jsc
    - React-jsi (= 0.71.11)
    - React-jsiexecutor (= 0.71.11)
    - React-perflogger (= 0.71.11)
    - Yoga
  - React-Core/RCTWebSocket (0.71.11):
    - glog
    - RCT-Folly (= 2021.07.22.00)
    - React-Core/Default (= 0.71.11)
    - React-cxxreact (= 0.71.11)
    - React-jsc
    - React-jsi (= 0.71.11)
    - React-jsiexecutor (= 0.71.11)
    - React-perflogger (= 0.71.11)
    - Yoga
  - React-CoreModules (0.71.11):
    - RCT-Folly (= 2021.07.22.00)
    - RCTTypeSafety (= 0.71.11)
    - React-Codegen (= 0.71.11)
    - React-Core/CoreModulesHeaders (= 0.71.11)
    - React-jsi (= 0.71.11)
    - React-RCTBlob
    - React-RCTImage (= 0.71.11)
    - ReactCommon/turbomodule/core (= 0.71.11)
  - React-cxxreact (0.71.11):
    - boost (= 1.76.0)
    - DoubleConversion
    - glog
    - RCT-Folly (= 2021.07.22.00)
    - React-callinvoker (= 0.71.11)
    - React-jsi (= 0.71.11)
    - React-jsinspector (= 0.71.11)
    - React-logger (= 0.71.11)
    - React-perflogger (= 0.71.11)
    - React-runtimeexecutor (= 0.71.11)
  - React-jsc (0.71.11):
    - React-jsc/Fabric (= 0.71.11)
    - React-jsi (= 0.71.11)
  - React-jsc/Fabric (0.71.11):
    - React-jsi (= 0.71.11)
  - React-jsi (0.71.11):
    - boost (= 1.76.0)
    - DoubleConversion
    - glog
    - RCT-Folly (= 2021.07.22.00)
  - React-jsiexecutor (0.71.11):
    - DoubleConversion
    - glog
    - RCT-Folly (= 2021.07.22.00)
    - React-cxxreact (= 0.71.11)
    - React-jsi (= 0.71.11)
    - React-perflogger (= 0.71.11)
  - React-jsinspector (0.71.11)
  - React-logger (0.71.11):
    - glog
  - react-native-cameraroll (5.6.0):
    - React-Core
  - react-native-chat-callkit (1.0.1):
    - React-Core
  - react-native-chat-sdk (1.1.2):
    - HyphenateChat (= 4.0.2)
    - React-Core
  - react-native-chat-uikit (1.0.0):
    - React-Core
  - react-native-create-thumbnail (1.6.4):
    - React-Core
  - react-native-document-picker (9.0.1):
    - React-Core
  - react-native-get-random-values (1.8.0):
    - React-Core
  - react-native-image-picker (5.4.2):
    - React-Core
  - react-native-pager-view (6.1.2):
    - React-Core
  - react-native-safe-area-context (4.5.0):
    - RCT-Folly
    - RCTRequired
    - RCTTypeSafety
    - React-Core
    - ReactCommon/turbomodule/core
  - react-native-video (5.2.1):
    - React-Core
    - react-native-video/Video (= 5.2.1)
  - react-native-video/Video (5.2.1):
    - React-Core
  - React-perflogger (0.71.11)
  - React-RCTActionSheet (0.71.11):
    - React-Core/RCTActionSheetHeaders (= 0.71.11)
  - React-RCTAnimation (0.71.11):
    - RCT-Folly (= 2021.07.22.00)
    - RCTTypeSafety (= 0.71.11)
    - React-Codegen (= 0.71.11)
    - React-Core/RCTAnimationHeaders (= 0.71.11)
    - React-jsi (= 0.71.11)
    - ReactCommon/turbomodule/core (= 0.71.11)
  - React-RCTAppDelegate (0.71.11):
    - RCT-Folly
    - RCTRequired
    - RCTTypeSafety
    - React-Core
    - ReactCommon/turbomodule/core
  - React-RCTBlob (0.71.11):
    - RCT-Folly (= 2021.07.22.00)
    - React-Codegen (= 0.71.11)
    - React-Core/RCTBlobHeaders (= 0.71.11)
    - React-Core/RCTWebSocket (= 0.71.11)
    - React-jsi (= 0.71.11)
    - React-RCTNetwork (= 0.71.11)
    - ReactCommon/turbomodule/core (= 0.71.11)
  - React-RCTImage (0.71.11):
    - RCT-Folly (= 2021.07.22.00)
    - RCTTypeSafety (= 0.71.11)
    - React-Codegen (= 0.71.11)
    - React-Core/RCTImageHeaders (= 0.71.11)
    - React-jsi (= 0.71.11)
    - React-RCTNetwork (= 0.71.11)
    - ReactCommon/turbomodule/core (= 0.71.11)
  - React-RCTLinking (0.71.11):
    - React-Codegen (= 0.71.11)
    - React-Core/RCTLinkingHeaders (= 0.71.11)
    - React-jsi (= 0.71.11)
    - ReactCommon/turbomodule/core (= 0.71.11)
  - React-RCTNetwork (0.71.11):
    - RCT-Folly (= 2021.07.22.00)
    - RCTTypeSafety (= 0.71.11)
    - React-Codegen (= 0.71.11)
    - React-Core/RCTNetworkHeaders (= 0.71.11)
    - React-jsi (= 0.71.11)
    - ReactCommon/turbomodule/core (= 0.71.11)
  - React-RCTSettings (0.71.11):
    - RCT-Folly (= 2021.07.22.00)
    - RCTTypeSafety (= 0.71.11)
    - React-Codegen (= 0.71.11)
    - React-Core/RCTSettingsHeaders (= 0.71.11)
    - React-jsi (= 0.71.11)
    - ReactCommon/turbomodule/core (= 0.71.11)
  - React-RCTText (0.71.11):
    - React-Core/RCTTextHeaders (= 0.71.11)
  - React-RCTVibration (0.71.11):
    - RCT-Folly (= 2021.07.22.00)
    - React-Codegen (= 0.71.11)
    - React-Core/RCTVibrationHeaders (= 0.71.11)
    - React-jsi (= 0.71.11)
    - ReactCommon/turbomodule/core (= 0.71.11)
  - React-runtimeexecutor (0.71.11):
    - React-jsi (= 0.71.11)
  - ReactCommon/turbomodule/bridging (0.71.11):
    - DoubleConversion
    - glog
    - RCT-Folly (= 2021.07.22.00)
    - React-callinvoker (= 0.71.11)
    - React-Core (= 0.71.11)
    - React-cxxreact (= 0.71.11)
    - React-jsi (= 0.71.11)
    - React-logger (= 0.71.11)
    - React-perflogger (= 0.71.11)
  - ReactCommon/turbomodule/core (0.71.11):
    - DoubleConversion
    - glog
    - RCT-Folly (= 2021.07.22.00)
    - React-callinvoker (= 0.71.11)
    - React-Core (= 0.71.11)
    - React-cxxreact (= 0.71.11)
    - React-jsi (= 0.71.11)
    - React-logger (= 0.71.11)
    - React-perflogger (= 0.71.11)
  - ReactNativeFileAccess (3.0.4):
    - React-Core
    - ZIPFoundation (= 0.9.11)
  - RNAudioRecorderPlayer (3.5.3):
    - React-Core
  - RNCAsyncStorage (1.17.11):
    - React-Core
  - RNCClipboard (1.11.2):
    - React-Core
  - RNFastImage (8.6.3):
    - React-Core
    - SDWebImage (~> 5.11.1)
    - SDWebImageWebPCoder (~> 0.8.4)
  - RNFBApp (18.0.0):
    - Firebase/CoreOnly (= 10.10.0)
    - React-Core
  - RNFBMessaging (18.0.0):
    - Firebase/Messaging (= 10.10.0)
    - FirebaseCoreExtension (= 10.10.0)
    - React-Core
    - RNFBApp
  - RNFS (2.20.0):
    - React-Core
  - RNGestureHandler (2.9.0):
    - React-Core
  - RNPermissions (3.8.0):
    - React-Core
  - RNScreens (3.20.0):
    - React-Core
    - React-RCTImage
  - SDWebImage (5.11.1):
    - SDWebImage/Core (= 5.11.1)
  - SDWebImage/Core (5.11.1)
  - SDWebImageWebPCoder (0.8.5):
    - libwebp (~> 1.0)
    - SDWebImage/Core (~> 5.10)
  - SocketRocket (0.6.0)
  - Yoga (1.14.0)
  - YogaKit (1.18.1):
    - Yoga (~> 1.14)
  - ZIPFoundation (0.9.11)

DEPENDENCIES:
  - boost (from `../../node_modules/react-native/third-party-podspecs/boost.podspec`)
  - DoubleConversion (from `../../node_modules/react-native/third-party-podspecs/DoubleConversion.podspec`)
  - EXApplication (from `../../node_modules/expo-application/ios`)
  - EXConstants (from `../../node_modules/expo-constants/ios`)
  - EXFileSystem (from `../../node_modules/expo-file-system/ios`)
  - EXFont (from `../../node_modules/expo-font/ios`)
  - Expo (from `../../node_modules/expo`)
  - ExpoKeepAwake (from `../../node_modules/expo-keep-awake/ios`)
  - ExpoModulesCore (from `../../node_modules/expo-modules-core`)
  - EXSplashScreen (from `../../node_modules/expo-splash-screen/ios`)
  - FBLazyVector (from `../../node_modules/react-native/Libraries/FBLazyVector`)
  - FBReactNativeSpec (from `../../node_modules/react-native/React/FBReactNativeSpec`)
  - FirebaseCore
  - Flipper (= 0.182.0)
  - Flipper-Boost-iOSX (= 1.76.0.1.11)
  - Flipper-DoubleConversion (= 3.2.0.1)
  - Flipper-Fmt (= 7.1.7)
  - Flipper-Folly (= 2.6.10)
  - Flipper-Glog (= 0.5.0.5)
  - Flipper-PeerTalk (= 0.0.4)
  - Flipper-RSocket (= 1.4.3)
  - FlipperKit (= 0.182.0)
  - FlipperKit/Core (= 0.182.0)
  - FlipperKit/CppBridge (= 0.182.0)
  - FlipperKit/FBCxxFollyDynamicConvert (= 0.182.0)
  - FlipperKit/FBDefines (= 0.182.0)
  - FlipperKit/FKPortForwarding (= 0.182.0)
  - FlipperKit/FlipperKitHighlightOverlay (= 0.182.0)
  - FlipperKit/FlipperKitLayoutPlugin (= 0.182.0)
  - FlipperKit/FlipperKitLayoutTextSearchable (= 0.182.0)
  - FlipperKit/FlipperKitNetworkPlugin (= 0.182.0)
  - FlipperKit/FlipperKitReactPlugin (= 0.182.0)
  - FlipperKit/FlipperKitUserDefaultsPlugin (= 0.182.0)
  - FlipperKit/SKIOSNetworkPlugin (= 0.182.0)
  - glog (from `../../node_modules/react-native/third-party-podspecs/glog.podspec`)
  - GoogleUtilities
  - OpenSSL-Universal (= 1.1.1100)
  - Permission-AppTrackingTransparency (from `/Users/asterisk/Codes/rn/react-native-chat-library/node_modules/react-native-permissions/ios/AppTrackingTransparency`)
  - Permission-BluetoothPeripheral (from `/Users/asterisk/Codes/rn/react-native-chat-library/node_modules/react-native-permissions/ios/BluetoothPeripheral`)
  - Permission-Calendars (from `/Users/asterisk/Codes/rn/react-native-chat-library/node_modules/react-native-permissions/ios/Calendars`)
  - Permission-Camera (from `/Users/asterisk/Codes/rn/react-native-chat-library/node_modules/react-native-permissions/ios/Camera`)
  - Permission-Contacts (from `/Users/asterisk/Codes/rn/react-native-chat-library/node_modules/react-native-permissions/ios/Contacts`)
  - Permission-FaceID (from `/Users/asterisk/Codes/rn/react-native-chat-library/node_modules/react-native-permissions/ios/FaceID`)
  - Permission-LocationAccuracy (from `/Users/asterisk/Codes/rn/react-native-chat-library/node_modules/react-native-permissions/ios/LocationAccuracy`)
  - Permission-LocationAlways (from `/Users/asterisk/Codes/rn/react-native-chat-library/node_modules/react-native-permissions/ios/LocationAlways`)
  - Permission-LocationWhenInUse (from `/Users/asterisk/Codes/rn/react-native-chat-library/node_modules/react-native-permissions/ios/LocationWhenInUse`)
  - Permission-MediaLibrary (from `/Users/asterisk/Codes/rn/react-native-chat-library/node_modules/react-native-permissions/ios/MediaLibrary`)
  - Permission-Microphone (from `/Users/asterisk/Codes/rn/react-native-chat-library/node_modules/react-native-permissions/ios/Microphone`)
  - Permission-Motion (from `/Users/asterisk/Codes/rn/react-native-chat-library/node_modules/react-native-permissions/ios/Motion`)
  - Permission-Notifications (from `/Users/asterisk/Codes/rn/react-native-chat-library/node_modules/react-native-permissions/ios/Notifications`)
  - Permission-PhotoLibrary (from `/Users/asterisk/Codes/rn/react-native-chat-library/node_modules/react-native-permissions/ios/PhotoLibrary`)
  - Permission-PhotoLibraryAddOnly (from `/Users/asterisk/Codes/rn/react-native-chat-library/node_modules/react-native-permissions/ios/PhotoLibraryAddOnly`)
  - Permission-Reminders (from `/Users/asterisk/Codes/rn/react-native-chat-library/node_modules/react-native-permissions/ios/Reminders`)
  - Permission-Siri (from `/Users/asterisk/Codes/rn/react-native-chat-library/node_modules/react-native-permissions/ios/Siri`)
  - Permission-SpeechRecognition (from `/Users/asterisk/Codes/rn/react-native-chat-library/node_modules/react-native-permissions/ios/SpeechRecognition`)
  - Permission-StoreKit (from `/Users/asterisk/Codes/rn/react-native-chat-library/node_modules/react-native-permissions/ios/StoreKit`)
  - RCT-Folly (from `../../node_modules/react-native/third-party-podspecs/RCT-Folly.podspec`)
  - RCTRequired (from `../../node_modules/react-native/Libraries/RCTRequired`)
  - RCTTypeSafety (from `../../node_modules/react-native/Libraries/TypeSafety`)
  - React (from `../../node_modules/react-native/`)
  - React-callinvoker (from `../../node_modules/react-native/ReactCommon/callinvoker`)
  - React-Codegen (from `build/generated/ios`)
  - React-Core (from `../../node_modules/react-native/`)
  - React-Core/DevSupport (from `../../node_modules/react-native/`)
  - React-Core/RCTWebSocket (from `../../node_modules/react-native/`)
  - React-CoreModules (from `../../node_modules/react-native/React/CoreModules`)
  - React-cxxreact (from `../../node_modules/react-native/ReactCommon/cxxreact`)
  - React-jsc (from `../../node_modules/react-native/ReactCommon/jsc`)
  - React-jsi (from `../../node_modules/react-native/ReactCommon/jsi`)
  - React-jsiexecutor (from `../../node_modules/react-native/ReactCommon/jsiexecutor`)
  - React-jsinspector (from `../../node_modules/react-native/ReactCommon/jsinspector`)
  - React-logger (from `../../node_modules/react-native/ReactCommon/logger`)
  - "react-native-cameraroll (from `../../node_modules/@react-native-camera-roll/camera-roll`)"
  - react-native-chat-callkit (from `../../packages/react-native-chat-callkit`)
  - react-native-chat-sdk (from `../../node_modules/react-native-chat-sdk`)
  - react-native-chat-uikit (from `../../packages/react-native-chat-uikit`)
  - react-native-create-thumbnail (from `../../node_modules/react-native-create-thumbnail`)
  - react-native-document-picker (from `../../node_modules/react-native-document-picker`)
  - react-native-get-random-values (from `../../node_modules/react-native-get-random-values`)
  - react-native-image-picker (from `../../node_modules/react-native-image-picker`)
  - react-native-pager-view (from `../../node_modules/react-native-pager-view`)
  - react-native-safe-area-context (from `../../node_modules/react-native-safe-area-context`)
  - react-native-video (from `../../node_modules/react-native-video`)
  - React-perflogger (from `../../node_modules/react-native/ReactCommon/reactperflogger`)
  - React-RCTActionSheet (from `../../node_modules/react-native/Libraries/ActionSheetIOS`)
  - React-RCTAnimation (from `../../node_modules/react-native/Libraries/NativeAnimation`)
  - React-RCTAppDelegate (from `../../node_modules/react-native/Libraries/AppDelegate`)
  - React-RCTBlob (from `../../node_modules/react-native/Libraries/Blob`)
  - React-RCTImage (from `../../node_modules/react-native/Libraries/Image`)
  - React-RCTLinking (from `../../node_modules/react-native/Libraries/LinkingIOS`)
  - React-RCTNetwork (from `../../node_modules/react-native/Libraries/Network`)
  - React-RCTSettings (from `../../node_modules/react-native/Libraries/Settings`)
  - React-RCTText (from `../../node_modules/react-native/Libraries/Text`)
  - React-RCTVibration (from `../../node_modules/react-native/Libraries/Vibration`)
  - React-runtimeexecutor (from `../../node_modules/react-native/ReactCommon/runtimeexecutor`)
  - ReactCommon/turbomodule/core (from `../../node_modules/react-native/ReactCommon`)
  - ReactNativeFileAccess (from `../../node_modules/react-native-file-access`)
  - RNAudioRecorderPlayer (from `../../node_modules/react-native-audio-recorder-player`)
  - "RNCAsyncStorage (from `../../node_modules/@react-native-async-storage/async-storage`)"
  - "RNCClipboard (from `../../node_modules/@react-native-clipboard/clipboard`)"
  - RNFastImage (from `../../node_modules/react-native-fast-image`)
  - "RNFBApp (from `../../node_modules/@react-native-firebase/app`)"
  - "RNFBMessaging (from `../../node_modules/@react-native-firebase/messaging`)"
  - RNFS (from `../../node_modules/react-native-fs`)
  - RNGestureHandler (from `../../node_modules/react-native-gesture-handler`)
  - RNPermissions (from `../../node_modules/react-native-permissions`)
  - RNScreens (from `../../node_modules/react-native-screens`)
  - Yoga (from `../../node_modules/react-native/ReactCommon/yoga`)

SPEC REPOS:
  trunk:
    - CocoaAsyncSocket
    - Firebase
    - FirebaseCore
    - FirebaseCoreExtension
    - FirebaseCoreInternal
    - FirebaseInstallations
    - FirebaseMessaging
    - Flipper
    - Flipper-Boost-iOSX
    - Flipper-DoubleConversion
    - Flipper-Fmt
    - Flipper-Folly
    - Flipper-Glog
    - Flipper-PeerTalk
    - Flipper-RSocket
    - FlipperKit
    - fmt
    - GoogleDataTransport
    - GoogleUtilities
    - HyphenateChat
    - libevent
    - libwebp
    - nanopb
    - OpenSSL-Universal
    - PromisesObjC
    - SDWebImage
    - SDWebImageWebPCoder
    - SocketRocket
    - YogaKit
    - ZIPFoundation

EXTERNAL SOURCES:
  boost:
    :podspec: "../../node_modules/react-native/third-party-podspecs/boost.podspec"
  DoubleConversion:
    :podspec: "../../node_modules/react-native/third-party-podspecs/DoubleConversion.podspec"
  EXApplication:
    :path: "../../node_modules/expo-application/ios"
  EXConstants:
    :path: "../../node_modules/expo-constants/ios"
  EXFileSystem:
    :path: "../../node_modules/expo-file-system/ios"
  EXFont:
    :path: "../../node_modules/expo-font/ios"
  Expo:
    :path: "../../node_modules/expo"
  ExpoKeepAwake:
    :path: "../../node_modules/expo-keep-awake/ios"
  ExpoModulesCore:
    :path: "../../node_modules/expo-modules-core"
  EXSplashScreen:
    :path: "../../node_modules/expo-splash-screen/ios"
  FBLazyVector:
    :path: "../../node_modules/react-native/Libraries/FBLazyVector"
  FBReactNativeSpec:
    :path: "../../node_modules/react-native/React/FBReactNativeSpec"
  glog:
    :podspec: "../../node_modules/react-native/third-party-podspecs/glog.podspec"
  Permission-AppTrackingTransparency:
    :path: "/Users/asterisk/Codes/rn/react-native-chat-library/node_modules/react-native-permissions/ios/AppTrackingTransparency"
  Permission-BluetoothPeripheral:
    :path: "/Users/asterisk/Codes/rn/react-native-chat-library/node_modules/react-native-permissions/ios/BluetoothPeripheral"
  Permission-Calendars:
    :path: "/Users/asterisk/Codes/rn/react-native-chat-library/node_modules/react-native-permissions/ios/Calendars"
  Permission-Camera:
    :path: "/Users/asterisk/Codes/rn/react-native-chat-library/node_modules/react-native-permissions/ios/Camera"
  Permission-Contacts:
    :path: "/Users/asterisk/Codes/rn/react-native-chat-library/node_modules/react-native-permissions/ios/Contacts"
  Permission-FaceID:
    :path: "/Users/asterisk/Codes/rn/react-native-chat-library/node_modules/react-native-permissions/ios/FaceID"
  Permission-LocationAccuracy:
    :path: "/Users/asterisk/Codes/rn/react-native-chat-library/node_modules/react-native-permissions/ios/LocationAccuracy"
  Permission-LocationAlways:
    :path: "/Users/asterisk/Codes/rn/react-native-chat-library/node_modules/react-native-permissions/ios/LocationAlways"
  Permission-LocationWhenInUse:
    :path: "/Users/asterisk/Codes/rn/react-native-chat-library/node_modules/react-native-permissions/ios/LocationWhenInUse"
  Permission-MediaLibrary:
    :path: "/Users/asterisk/Codes/rn/react-native-chat-library/node_modules/react-native-permissions/ios/MediaLibrary"
  Permission-Microphone:
    :path: "/Users/asterisk/Codes/rn/react-native-chat-library/node_modules/react-native-permissions/ios/Microphone"
  Permission-Motion:
    :path: "/Users/asterisk/Codes/rn/react-native-chat-library/node_modules/react-native-permissions/ios/Motion"
  Permission-Notifications:
    :path: "/Users/asterisk/Codes/rn/react-native-chat-library/node_modules/react-native-permissions/ios/Notifications"
  Permission-PhotoLibrary:
    :path: "/Users/asterisk/Codes/rn/react-native-chat-library/node_modules/react-native-permissions/ios/PhotoLibrary"
  Permission-PhotoLibraryAddOnly:
    :path: "/Users/asterisk/Codes/rn/react-native-chat-library/node_modules/react-native-permissions/ios/PhotoLibraryAddOnly"
  Permission-Reminders:
    :path: "/Users/asterisk/Codes/rn/react-native-chat-library/node_modules/react-native-permissions/ios/Reminders"
  Permission-Siri:
    :path: "/Users/asterisk/Codes/rn/react-native-chat-library/node_modules/react-native-permissions/ios/Siri"
  Permission-SpeechRecognition:
    :path: "/Users/asterisk/Codes/rn/react-native-chat-library/node_modules/react-native-permissions/ios/SpeechRecognition"
  Permission-StoreKit:
    :path: "/Users/asterisk/Codes/rn/react-native-chat-library/node_modules/react-native-permissions/ios/StoreKit"
  RCT-Folly:
    :podspec: "../../node_modules/react-native/third-party-podspecs/RCT-Folly.podspec"
  RCTRequired:
    :path: "../../node_modules/react-native/Libraries/RCTRequired"
  RCTTypeSafety:
    :path: "../../node_modules/react-native/Libraries/TypeSafety"
  React:
    :path: "../../node_modules/react-native/"
  React-callinvoker:
    :path: "../../node_modules/react-native/ReactCommon/callinvoker"
  React-Codegen:
    :path: build/generated/ios
  React-Core:
    :path: "../../node_modules/react-native/"
  React-CoreModules:
    :path: "../../node_modules/react-native/React/CoreModules"
  React-cxxreact:
    :path: "../../node_modules/react-native/ReactCommon/cxxreact"
  React-jsc:
    :path: "../../node_modules/react-native/ReactCommon/jsc"
  React-jsi:
    :path: "../../node_modules/react-native/ReactCommon/jsi"
  React-jsiexecutor:
    :path: "../../node_modules/react-native/ReactCommon/jsiexecutor"
  React-jsinspector:
    :path: "../../node_modules/react-native/ReactCommon/jsinspector"
  React-logger:
    :path: "../../node_modules/react-native/ReactCommon/logger"
  react-native-cameraroll:
    :path: "../../node_modules/@react-native-camera-roll/camera-roll"
  react-native-chat-callkit:
    :path: "../../packages/react-native-chat-callkit"
  react-native-chat-sdk:
    :path: "../../node_modules/react-native-chat-sdk"
  react-native-chat-uikit:
    :path: "../../packages/react-native-chat-uikit"
  react-native-create-thumbnail:
    :path: "../../node_modules/react-native-create-thumbnail"
  react-native-document-picker:
    :path: "../../node_modules/react-native-document-picker"
  react-native-get-random-values:
    :path: "../../node_modules/react-native-get-random-values"
  react-native-image-picker:
    :path: "../../node_modules/react-native-image-picker"
  react-native-pager-view:
    :path: "../../node_modules/react-native-pager-view"
  react-native-safe-area-context:
    :path: "../../node_modules/react-native-safe-area-context"
  react-native-video:
    :path: "../../node_modules/react-native-video"
  React-perflogger:
    :path: "../../node_modules/react-native/ReactCommon/reactperflogger"
  React-RCTActionSheet:
    :path: "../../node_modules/react-native/Libraries/ActionSheetIOS"
  React-RCTAnimation:
    :path: "../../node_modules/react-native/Libraries/NativeAnimation"
  React-RCTAppDelegate:
    :path: "../../node_modules/react-native/Libraries/AppDelegate"
  React-RCTBlob:
    :path: "../../node_modules/react-native/Libraries/Blob"
  React-RCTImage:
    :path: "../../node_modules/react-native/Libraries/Image"
  React-RCTLinking:
    :path: "../../node_modules/react-native/Libraries/LinkingIOS"
  React-RCTNetwork:
    :path: "../../node_modules/react-native/Libraries/Network"
  React-RCTSettings:
    :path: "../../node_modules/react-native/Libraries/Settings"
  React-RCTText:
    :path: "../../node_modules/react-native/Libraries/Text"
  React-RCTVibration:
    :path: "../../node_modules/react-native/Libraries/Vibration"
  React-runtimeexecutor:
    :path: "../../node_modules/react-native/ReactCommon/runtimeexecutor"
  ReactCommon:
    :path: "../../node_modules/react-native/ReactCommon"
  ReactNativeFileAccess:
    :path: "../../node_modules/react-native-file-access"
  RNAudioRecorderPlayer:
    :path: "../../node_modules/react-native-audio-recorder-player"
  RNCAsyncStorage:
    :path: "../../node_modules/@react-native-async-storage/async-storage"
  RNCClipboard:
    :path: "../../node_modules/@react-native-clipboard/clipboard"
  RNFastImage:
    :path: "../../node_modules/react-native-fast-image"
  RNFBApp:
    :path: "../../node_modules/@react-native-firebase/app"
  RNFBMessaging:
    :path: "../../node_modules/@react-native-firebase/messaging"
  RNFS:
    :path: "../../node_modules/react-native-fs"
  RNGestureHandler:
    :path: "../../node_modules/react-native-gesture-handler"
  RNPermissions:
    :path: "../../node_modules/react-native-permissions"
  RNScreens:
    :path: "../../node_modules/react-native-screens"
  Yoga:
    :path: "../../node_modules/react-native/ReactCommon/yoga"

SPEC CHECKSUMS:
  boost: 57d2868c099736d80fcd648bf211b4431e51a558
  CocoaAsyncSocket: 065fd1e645c7abab64f7a6a2007a48038fdc6a99
  DoubleConversion: 5189b271737e1565bdce30deb4a08d647e3f5f54
  EXApplication: d8f53a7eee90a870a75656280e8d4b85726ea903
  EXConstants: f348da07e21b23d2b085e270d7b74f282df1a7d9
  EXFileSystem: 844e86ca9b5375486ecc4ef06d3838d5597d895d
  EXFont: 6ea3800df746be7233208d80fe379b8ed74f4272
  Expo: 8448e3a2aa1b295f029c81551e1ab6d986517fdb
  ExpoKeepAwake: 69f5f627670d62318410392d03e0b5db0f85759a
  ExpoModulesCore: 653958063a301098b541ae4dfed1ac0b98db607b
  EXSplashScreen: 0e0a9ba0cf7553094e93213099bd7b42e6e237e9
  FBLazyVector: c511d4cd0210f416cb5c289bd5ae6b36d909b048
  FBReactNativeSpec: af6778c3a3a70283e21ed321c16472ed0e2814f6
  Firebase: facd334e557a979bd03a0b58d90fd56b52b8aba0
  FirebaseCore: d027ff503d37edb78db98429b11f580a24a7df2a
  FirebaseCoreExtension: 8d93ebbf6838a874b4ed82a564c9d6705f8365dd
  FirebaseCoreInternal: 971029061d326000d65bfdc21f5502c75c8b0893
  FirebaseInstallations: 52153982b057d3afcb4e1fbb3eb0b6d00611e681
  FirebaseMessaging: 8a3b9a8b98ce72a42d22e69865cf662e38d2d6f5
  Flipper: 6edb735e6c3e332975d1b17956bcc584eccf5818
  Flipper-Boost-iOSX: fd1e2b8cbef7e662a122412d7ac5f5bea715403c
  Flipper-DoubleConversion: 2dc99b02f658daf147069aad9dbd29d8feb06d30
  Flipper-Fmt: 60cbdd92fc254826e61d669a5d87ef7015396a9b
  Flipper-Folly: 584845625005ff068a6ebf41f857f468decd26b3
  Flipper-Glog: 70c50ce58ddaf67dc35180db05f191692570f446
  Flipper-PeerTalk: 116d8f857dc6ef55c7a5a75ea3ceaafe878aadc9
  Flipper-RSocket: d9d9ade67cbecf6ac10730304bf5607266dd2541
  FlipperKit: 2efad7007d6745a3f95e4034d547be637f89d3f6
  fmt: ff9d55029c625d3757ed641535fd4a75fedc7ce9
  glog: 04b94705f318337d7ead9e6d17c019bd9b1f6b1b
  GoogleDataTransport: f0308f5905a745f94fb91fea9c6cbaf3831cb1bd
  GoogleUtilities: 9aa0ad5a7bc171f8bae016300bfcfa3fb8425749
  HyphenateChat: add908a7200ba951a5b27a0fa2514ea6f532e69c
  libevent: 4049cae6c81cdb3654a443be001fb9bdceff7913
  libwebp: f62cb61d0a484ba548448a4bd52aabf150ff6eef
  nanopb: b552cce312b6c8484180ef47159bc0f65a1f0431
  OpenSSL-Universal: ebc357f1e6bc71fa463ccb2fe676756aff50e88c
  Permission-AppTrackingTransparency: 7a48e816f801d10f2402c5b4edbe620ad8a412d9
  Permission-BluetoothPeripheral: 2d2d32c4651752655c19345abbb45ad15651f987
  Permission-Calendars: cd50284b7a311813fb893a488bad61771e6cb494
  Permission-Camera: e6d142d7d8b714afe0a83e5e6ae17eb949f1e3e9
  Permission-Contacts: 113bcfffb98667533e4e6611e9df92e57ea786d7
  Permission-FaceID: 257965cb6ba2dc098cd485642df13e8ee6e281ef
  Permission-LocationAccuracy: d6aa5146c084e7077e7efc4cbb543c7f6c72c51a
  Permission-LocationAlways: e7ce67f3091ec096b6ac274bc30a18830a66b33c
  Permission-LocationWhenInUse: 1c80e4797ae587642a83125e80b86686cefeba53
  Permission-MediaLibrary: 6a5888dd77669b568716bea80c21340aaab74c51
  Permission-Microphone: 644b1de8bcc2afcaf934e09a22bee507a95796a7
  Permission-Motion: 2ba822d0b1bc753276209f770f172205a00ee0d2
  Permission-Notifications: aa91ec29236626ff59cb60e08389c0a59a9d32c5
  Permission-PhotoLibrary: 31787bbe77d0d3ae6a5267b8435e4a2e9ef78f1d
  Permission-PhotoLibraryAddOnly: 16c92ad62b802514f3f788e00b298080be996337
  Permission-Reminders: be7699ff02c2ef670647204c0f759258cdfad07c
  Permission-Siri: a54e8ac247b67cdcf27de068e27d291a47c5fb06
  Permission-SpeechRecognition: 39eb2398ca66ba3ac07d502e33c2f92da70ea7e0
  Permission-StoreKit: df32d0883219ddb237d673eed9165734203bfecc
  PromisesObjC: 09985d6d70fbe7878040aa746d78236e6946d2ef
  RCT-Folly: 424b8c9a7a0b9ab2886ffe9c3b041ef628fd4fb1
  RCTRequired: f6187ec763637e6a57f5728dd9a3bdabc6d6b4e0
  RCTTypeSafety: a01aca2dd3b27fa422d5239252ad38e54e958750
  React: 741b4f5187e7a2137b69c88e65f940ba40600b4b
  React-callinvoker: 72ba74b2d5d690c497631191ae6eeca0c043d9cf
  React-Codegen: 6a3870e906e80066a9b707389846c692a02415d9
  React-Core: 9cf97a2d0830a024deffebe873407f6717bbcc19
  React-CoreModules: ffd19b082fc36b9b463fedf30955138b5426c053
  React-cxxreact: f88c74ac51e59c294fbf825974d377fcf9641eba
  React-jsc: 75bfda40ea4032b5018875355ab5ee089ac748bf
  React-jsi: 71ae5726d2b0fd6b0aaa0845a9294739cf4c95c6
  React-jsiexecutor: 089cd07c76ecf498960a64ba8ae0f2dddd382f44
  React-jsinspector: b6ed4cb3ffa27a041cd440300503dc512b761450
  React-logger: 186dd536128ae5924bc38ed70932c00aa740cd5b
  react-native-cameraroll: 755bcc628148a90a7c9cf3f817a252be3a601bc5
  react-native-chat-callkit: 143d04e0ea0a6ff049469da63cd8de62bd995e50
  react-native-chat-sdk: 06f9401ef05b0e9cfe3ac659cfe83904baa50b75
  react-native-chat-uikit: 1c02d927b5987fbb208e8671cf8a566faafa96df
  react-native-create-thumbnail: e022bcdcba8a0b4529a50d3fa1a832ec921be39d
  react-native-document-picker: 2b8f18667caee73a96708a82b284a4f40b30a156
  react-native-get-random-values: a6ea6a8a65dc93e96e24a11105b1a9c8cfe1d72a
  react-native-image-picker: 77f552291e993f3fdcdf48cc3c280ef7f11789c8
  react-native-pager-view: 54bed894cecebe28cede54c01038d9d1e122de43
  react-native-safe-area-context: 39c2d8be3328df5d437ac1700f4f3a4f75716acc
  react-native-video: c26780b224543c62d5e1b2a7244a5cd1b50e8253
  React-perflogger: e706562ab7eb8eb590aa83a224d26fa13963d7f2
  React-RCTActionSheet: 57d4bd98122f557479a3359ad5dad8e109e20c5a
  React-RCTAnimation: ccf3ef00101ea74bda73a045d79a658b36728a60
  React-RCTAppDelegate: de78bc79e1a469ffa275fbe3948356cea061c4bb
  React-RCTBlob: 519c8ecb8ef83ce461a5670bdaf2fef882af3393
  React-RCTImage: f2e4904566ccccaa4b704170fcc5ae144ca347bf
  React-RCTLinking: 52a3740e3651e30aa11dff5a6debed7395dd8169
  React-RCTNetwork: ea0976f2b3ffc7877cd7784e351dc460adf87b12
  React-RCTSettings: ed5ac992b23e25c65c3cc31f11b5c940ae5e3e60
  React-RCTText: c9dfc6722621d56332b4f3a19ac38105e7504145
  React-RCTVibration: f09f08de63e4122deb32506e20ca4cae6e4e14c1
  React-runtimeexecutor: 4817d63dbc9d658f8dc0ec56bd9b83ce531129f0
  ReactCommon: 154ea4b064ea8d82b2bd31080589fc7f5959ff9b
  ReactNativeFileAccess: 4530e3be4d5069454c6c6389096d8cb78c897f2c
  RNAudioRecorderPlayer: 6638283925b46808310c9fdf803ebabc3abdbadc
  RNCAsyncStorage: 8616bd5a58af409453ea4e1b246521bb76578d60
  RNCClipboard: 3f0451a8100393908bea5c5c5b16f96d45f30bfc
  RNFastImage: 5c9c9fed9c076e521b3f509fe79e790418a544e8
  RNFBApp: 7da45c10070789f5e4337a5534139976e8d74e0a
  RNFBMessaging: fd543fa2aa4688fac4e88b1ce54e39cac4339b32
  RNFS: 4ac0f0ea233904cb798630b3c077808c06931688
  RNGestureHandler: 071d7a9ad81e8b83fe7663b303d132406a7d8f39
  RNPermissions: 215c54462104b3925b412b0fb3c9c497b21c358b
  RNScreens: 218801c16a2782546d30bd2026bb625c0302d70f
  SDWebImage: a7f831e1a65eb5e285e3fb046a23fcfbf08e696d
  SDWebImageWebPCoder: 908b83b6adda48effe7667cd2b7f78c897e5111d
  SocketRocket: fccef3f9c5cedea1353a9ef6ada904fde10d6608
  Yoga: f7decafdc5e8c125e6fa0da38a687e35238420fa
  YogaKit: f782866e155069a2cca2517aafea43200b01fd5a
  ZIPFoundation: b1f0de4eed33e74a676f76e12559ab6b75990197

PODFILE CHECKSUM: fe60f304c70641ba240fdd5ebb04c155982cb143

COCOAPODS: 1.11.3
